// !$*UTF8*$!
{
	archiveVersion = 1;
	classes = {
	};
	objectVersion = 46;
	objects = {

/* Begin PBXBuildFile section */
		0E7C3CC514F9FB1A0003A5FE /* cursor.png in Resources */ = {isa = PBXBuildFile; fileRef = 0E7C3CC414F9FB1A0003A5FE /* cursor.png */; };
		FA02424614FF0993006E6FE1 /* MMAdvancedEditViewController.h in Headers */ = {isa = PBXBuildFile; fileRef = FA02424314FF0993006E6FE1 /* MMAdvancedEditViewController.h */; };
		FA02424714FF0993006E6FE1 /* MMAdvancedEditViewController.m in Sources */ = {isa = PBXBuildFile; fileRef = FA02424414FF0993006E6FE1 /* MMAdvancedEditViewController.m */; };
		FA02424814FF0993006E6FE1 /* AdvancedEdit.xib in Resources */ = {isa = PBXBuildFile; fileRef = FA02424514FF0993006E6FE1 /* AdvancedEdit.xib */; };
		FA07748014F9A70A00A1B91B /* MMAnimatingImageView.m in Sources */ = {isa = PBXBuildFile; fileRef = FA07746C14F9976100A1B91B /* MMAnimatingImageView.m */; };
		FA07748114F9A70E00A1B91B /* MMAnimatingImageView.h in Headers */ = {isa = PBXBuildFile; fileRef = FA07746B14F9976100A1B91B /* MMAnimatingImageView.h */; };
		FA21EF981550C642002D688E /* MMCursorViewController.h in Headers */ = {isa = PBXBuildFile; fileRef = FA21EF961550C642002D688E /* MMCursorViewController.h */; };
		FA21EF991550C642002D688E /* MMCursorViewController.m in Sources */ = {isa = PBXBuildFile; fileRef = FA21EF971550C642002D688E /* MMCursorViewController.m */; };
		FA319D3C14F353C50064E7CC /* Accelerate.framework in Frameworks */ = {isa = PBXBuildFile; fileRef = FA319D3B14F353C50064E7CC /* Accelerate.framework */; };
		FA6F2D2114F3150E0098AE57 /* CoreFoundation.framework in Frameworks */ = {isa = PBXBuildFile; fileRef = FA6F2D2014F3150E0098AE57 /* CoreFoundation.framework */; };
		FA6F2D2414F3150E0098AE57 /* main.c in Sources */ = {isa = PBXBuildFile; fileRef = FA6F2D2314F3150E0098AE57 /* main.c */; };
		FA6F2D2614F3150E0098AE57 /* magicmouse.1 in CopyFiles */ = {isa = PBXBuildFile; fileRef = FA6F2D2514F3150E0098AE57 /* magicmouse.1 */; };
		FA6F2D2C14F3154E0098AE57 /* ApplicationServices.framework in Frameworks */ = {isa = PBXBuildFile; fileRef = FA6F2D2A14F315490098AE57 /* ApplicationServices.framework */; };
		FAD37AFF14F9836E00B7F09C /* Cocoa.framework in Frameworks */ = {isa = PBXBuildFile; fileRef = FA6F2CFD14F315000098AE57 /* Cocoa.framework */; };
		FAD37B0114F9836E00B7F09C /* PreferencePanes.framework in Frameworks */ = {isa = PBXBuildFile; fileRef = FAD37B0014F9836E00B7F09C /* PreferencePanes.framework */; };
		FAD37B1714F983B900B7F09C /* MMPrefPane.h in Headers */ = {isa = PBXBuildFile; fileRef = FAD37B1414F983B900B7F09C /* MMPrefPane.h */; };
		FAD37B1814F983B900B7F09C /* MMPrefPane.m in Sources */ = {isa = PBXBuildFile; fileRef = FAD37B1514F983B900B7F09C /* MMPrefPane.m */; };
		FAD37B1914F983B900B7F09C /* Magic_Mouse.tiff in Resources */ = {isa = PBXBuildFile; fileRef = FAD37B1614F983B900B7F09C /* Magic_Mouse.tiff */; };
		FAD37B2414F983D700B7F09C /* Magic_Mouse.xib in Resources */ = {isa = PBXBuildFile; fileRef = FAD37B2214F983D700B7F09C /* Magic_Mouse.xib */; };
		FAD37B2C14F983E800B7F09C /* Magic Mouse-Prefix.pch in Headers */ = {isa = PBXBuildFile; fileRef = FAD37B2A14F983E800B7F09C /* Magic Mouse-Prefix.pch */; };
		FAD37B2F14F983F000B7F09C /* InfoPlist.strings in Resources */ = {isa = PBXBuildFile; fileRef = FAD37B2D14F983F000B7F09C /* InfoPlist.strings */; };
		FADA4A4D14FAEA4F00517F22 /* MMAnimatingImageTableCellView.h in Headers */ = {isa = PBXBuildFile; fileRef = FADA4A4B14FAEA4F00517F22 /* MMAnimatingImageTableCellView.h */; };
		FADA4A4E14FAEA4F00517F22 /* MMAnimatingImageTableCellView.m in Sources */ = {isa = PBXBuildFile; fileRef = FADA4A4C14FAEA4F00517F22 /* MMAnimatingImageTableCellView.m */; };
		FADA4A5414FB017400517F22 /* NSCursor_Private.h in Headers */ = {isa = PBXBuildFile; fileRef = FADA4A5314FB017400517F22 /* NSCursor_Private.h */; };
		FAEBD4AD1551DBAA00F4B4D9 /* MMAdvancedEditWindowController.h in Headers */ = {isa = PBXBuildFile; fileRef = FAEBD4AA1551DBAA00F4B4D9 /* MMAdvancedEditWindowController.h */; };
		FAEBD4AE1551DBAA00F4B4D9 /* MMAdvancedEditWindowController.m in Sources */ = {isa = PBXBuildFile; fileRef = FAEBD4AB1551DBAA00F4B4D9 /* MMAdvancedEditWindowController.m */; };
		FAEBD4AF1551DBAA00F4B4D9 /* EditWindow.xib in Resources */ = {isa = PBXBuildFile; fileRef = FAEBD4AC1551DBAA00F4B4D9 /* EditWindow.xib */; };
		FAFC6EAE14F9AD0D00379751 /* magicmouse in Copy magicmouse */ = {isa = PBXBuildFile; fileRef = FA6F2D1E14F3150E0098AE57 /* magicmouse */; };
		FAFC6EB414F9C1C300379751 /* Security.framework in Frameworks */ = {isa = PBXBuildFile; fileRef = FAFC6EB214F9C1C300379751 /* Security.framework */; };
		FAFC6EB514F9C1C300379751 /* SecurityInterface.framework in Frameworks */ = {isa = PBXBuildFile; fileRef = FAFC6EB314F9C1C300379751 /* SecurityInterface.framework */; };
		FAFC6EB814F9E3F500379751 /* MMCursorAggregate.h in Headers */ = {isa = PBXBuildFile; fileRef = FAFC6EB614F9E3F500379751 /* MMCursorAggregate.h */; };
		FAFC6EB914F9E3F500379751 /* MMCursorAggregate.m in Sources */ = {isa = PBXBuildFile; fileRef = FAFC6EB714F9E3F500379751 /* MMCursorAggregate.m */; };
		FAFC6EBA14F9EA9F00379751 /* Accelerate.framework in Frameworks */ = {isa = PBXBuildFile; fileRef = FA319D3B14F353C50064E7CC /* Accelerate.framework */; };
/* End PBXBuildFile section */

/* Begin PBXContainerItemProxy section */
		FADA4A5514FB05C900517F22 /* PBXContainerItemProxy */ = {
			isa = PBXContainerItemProxy;
			containerPortal = FA6F2CF014F314FF0098AE57 /* Project object */;
			proxyType = 1;
			remoteGlobalIDString = FA6F2D1D14F3150E0098AE57;
			remoteInfo = magicmouse;
		};
/* End PBXContainerItemProxy section */

/* Begin PBXCopyFilesBuildPhase section */
		FA6F2D1C14F3150E0098AE57 /* CopyFiles */ = {
			isa = PBXCopyFilesBuildPhase;
			buildActionMask = 2147483647;
			dstPath = /usr/share/man/man1/;
			dstSubfolderSpec = 0;
			files = (
				FA6F2D2614F3150E0098AE57 /* magicmouse.1 in CopyFiles */,
			);
			runOnlyForDeploymentPostprocessing = 1;
		};
		FAFC6EAD14F9ACEF00379751 /* Copy magicmouse */ = {
			isa = PBXCopyFilesBuildPhase;
			buildActionMask = 2147483647;
			dstPath = "";
			dstSubfolderSpec = 6;
			files = (
				FAFC6EAE14F9AD0D00379751 /* magicmouse in Copy magicmouse */,
			);
			name = "Copy magicmouse";
			runOnlyForDeploymentPostprocessing = 0;
		};
/* End PBXCopyFilesBuildPhase section */

/* Begin PBXFileReference section */
		0E7C3CC414F9FB1A0003A5FE /* cursor.png */ = {isa = PBXFileReference; lastKnownFileType = image.png; name = cursor.png; path = ../cursor.png; sourceTree = "<group>"; };
		FA02424314FF0993006E6FE1 /* MMAdvancedEditViewController.h */ = {isa = PBXFileReference; fileEncoding = 4; lastKnownFileType = sourcecode.c.h; name = MMAdvancedEditViewController.h; path = src/Controllers/MMAdvancedEditViewController.h; sourceTree = "<group>"; };
		FA02424414FF0993006E6FE1 /* MMAdvancedEditViewController.m */ = {isa = PBXFileReference; fileEncoding = 4; lastKnownFileType = sourcecode.c.objc; name = MMAdvancedEditViewController.m; path = src/Controllers/MMAdvancedEditViewController.m; sourceTree = "<group>"; };
		FA02424514FF0993006E6FE1 /* AdvancedEdit.xib */ = {isa = PBXFileReference; fileEncoding = 4; lastKnownFileType = file.xib; name = AdvancedEdit.xib; path = src/Controllers/AdvancedEdit.xib; sourceTree = "<group>"; };
		FA07746B14F9976100A1B91B /* MMAnimatingImageView.h */ = {isa = PBXFileReference; fileEncoding = 4; lastKnownFileType = sourcecode.c.h; name = MMAnimatingImageView.h; path = src/Views/MMAnimatingImageView.h; sourceTree = "<group>"; };
		FA07746C14F9976100A1B91B /* MMAnimatingImageView.m */ = {isa = PBXFileReference; fileEncoding = 4; lastKnownFileType = sourcecode.c.objc; name = MMAnimatingImageView.m; path = src/Views/MMAnimatingImageView.m; sourceTree = "<group>"; };
		FA07747014F9A25400A1B91B /* CarbonHelpers.h */ = {isa = PBXFileReference; fileEncoding = 4; lastKnownFileType = sourcecode.c.h; path = CarbonHelpers.h; sourceTree = "<group>"; };
		FA07747114F9A25400A1B91B /* CGSAccessibility.h */ = {isa = PBXFileReference; fileEncoding = 4; lastKnownFileType = sourcecode.c.h; path = CGSAccessibility.h; sourceTree = "<group>"; };
		FA07747214F9A25400A1B91B /* CGSCIFilter.h */ = {isa = PBXFileReference; fileEncoding = 4; lastKnownFileType = sourcecode.c.h; path = CGSCIFilter.h; sourceTree = "<group>"; };
		FA07747314F9A25400A1B91B /* CGSConnection.h */ = {isa = PBXFileReference; fileEncoding = 4; lastKnownFileType = sourcecode.c.h; path = CGSConnection.h; sourceTree = "<group>"; };
		FA07747414F9A25400A1B91B /* CGSCursor.h */ = {isa = PBXFileReference; fileEncoding = 4; lastKnownFileType = sourcecode.c.h; path = CGSCursor.h; sourceTree = "<group>"; };
		FA07747514F9A25400A1B91B /* CGSDebug.h */ = {isa = PBXFileReference; fileEncoding = 4; lastKnownFileType = sourcecode.c.h; path = CGSDebug.h; sourceTree = "<group>"; };
		FA07747614F9A25400A1B91B /* CGSDisplays.h */ = {isa = PBXFileReference; fileEncoding = 4; lastKnownFileType = sourcecode.c.h; path = CGSDisplays.h; sourceTree = "<group>"; };
		FA07747714F9A25400A1B91B /* CGSHotKeys.h */ = {isa = PBXFileReference; fileEncoding = 4; lastKnownFileType = sourcecode.c.h; path = CGSHotKeys.h; sourceTree = "<group>"; };
		FA07747814F9A25400A1B91B /* CGSInternal.h */ = {isa = PBXFileReference; fileEncoding = 4; lastKnownFileType = sourcecode.c.h; path = CGSInternal.h; sourceTree = "<group>"; };
		FA07747914F9A25400A1B91B /* CGSMisc.h */ = {isa = PBXFileReference; fileEncoding = 4; lastKnownFileType = sourcecode.c.h; path = CGSMisc.h; sourceTree = "<group>"; };
		FA07747A14F9A25400A1B91B /* CGSNotifications.h */ = {isa = PBXFileReference; fileEncoding = 4; lastKnownFileType = sourcecode.c.h; path = CGSNotifications.h; sourceTree = "<group>"; };
		FA07747B14F9A25400A1B91B /* CGSRegion.h */ = {isa = PBXFileReference; fileEncoding = 4; lastKnownFileType = sourcecode.c.h; path = CGSRegion.h; sourceTree = "<group>"; };
		FA07747C14F9A25400A1B91B /* CGSSession.h */ = {isa = PBXFileReference; fileEncoding = 4; lastKnownFileType = sourcecode.c.h; path = CGSSession.h; sourceTree = "<group>"; };
		FA07747D14F9A25400A1B91B /* CGSTransitions.h */ = {isa = PBXFileReference; fileEncoding = 4; lastKnownFileType = sourcecode.c.h; path = CGSTransitions.h; sourceTree = "<group>"; };
		FA07747E14F9A25400A1B91B /* CGSWindow.h */ = {isa = PBXFileReference; fileEncoding = 4; lastKnownFileType = sourcecode.c.h; path = CGSWindow.h; sourceTree = "<group>"; };
		FA07747F14F9A25400A1B91B /* CGSWorkspace.h */ = {isa = PBXFileReference; fileEncoding = 4; lastKnownFileType = sourcecode.c.h; path = CGSWorkspace.h; sourceTree = "<group>"; };
		FA21EF961550C642002D688E /* MMCursorViewController.h */ = {isa = PBXFileReference; fileEncoding = 4; lastKnownFileType = sourcecode.c.h; name = MMCursorViewController.h; path = src/Controllers/MMCursorViewController.h; sourceTree = "<group>"; };
		FA21EF971550C642002D688E /* MMCursorViewController.m */ = {isa = PBXFileReference; fileEncoding = 4; lastKnownFileType = sourcecode.c.objc; name = MMCursorViewController.m; path = src/Controllers/MMCursorViewController.m; sourceTree = "<group>"; };
		FA319D3B14F353C50064E7CC /* Accelerate.framework */ = {isa = PBXFileReference; lastKnownFileType = wrapper.framework; name = Accelerate.framework; path = System/Library/Frameworks/Accelerate.framework; sourceTree = SDKROOT; };
		FA6F2CFD14F315000098AE57 /* Cocoa.framework */ = {isa = PBXFileReference; lastKnownFileType = wrapper.framework; name = Cocoa.framework; path = System/Library/Frameworks/Cocoa.framework; sourceTree = SDKROOT; };
		FA6F2D0014F315000098AE57 /* AppKit.framework */ = {isa = PBXFileReference; lastKnownFileType = wrapper.framework; name = AppKit.framework; path = System/Library/Frameworks/AppKit.framework; sourceTree = SDKROOT; };
		FA6F2D0114F315000098AE57 /* CoreData.framework */ = {isa = PBXFileReference; lastKnownFileType = wrapper.framework; name = CoreData.framework; path = System/Library/Frameworks/CoreData.framework; sourceTree = SDKROOT; };
		FA6F2D0214F315000098AE57 /* Foundation.framework */ = {isa = PBXFileReference; lastKnownFileType = wrapper.framework; name = Foundation.framework; path = System/Library/Frameworks/Foundation.framework; sourceTree = SDKROOT; };
		FA6F2D1E14F3150E0098AE57 /* magicmouse */ = {isa = PBXFileReference; explicitFileType = "compiled.mach-o.executable"; includeInIndex = 0; path = magicmouse; sourceTree = BUILT_PRODUCTS_DIR; };
		FA6F2D2014F3150E0098AE57 /* CoreFoundation.framework */ = {isa = PBXFileReference; lastKnownFileType = wrapper.framework; name = CoreFoundation.framework; path = System/Library/Frameworks/CoreFoundation.framework; sourceTree = SDKROOT; };
		FA6F2D2314F3150E0098AE57 /* main.c */ = {isa = PBXFileReference; lastKnownFileType = sourcecode.c.c; path = main.c; sourceTree = "<group>"; };
		FA6F2D2514F3150E0098AE57 /* magicmouse.1 */ = {isa = PBXFileReference; lastKnownFileType = text.man; path = magicmouse.1; sourceTree = "<group>"; xcLanguageSpecificationIdentifier = xcode.lang.man; };
		FA6F2D2A14F315490098AE57 /* ApplicationServices.framework */ = {isa = PBXFileReference; lastKnownFileType = wrapper.framework; name = ApplicationServices.framework; path = System/Library/Frameworks/ApplicationServices.framework; sourceTree = SDKROOT; };
		FAD37AF614F9830600B7F09C /* MMDefs.h */ = {isa = PBXFileReference; fileEncoding = 4; lastKnownFileType = sourcecode.c.h; path = MMDefs.h; sourceTree = "<group>"; };
		FAD37AFE14F9836E00B7F09C /* Magic Mouse.prefPane */ = {isa = PBXFileReference; explicitFileType = wrapper.cfbundle; includeInIndex = 0; path = "Magic Mouse.prefPane"; sourceTree = BUILT_PRODUCTS_DIR; };
		FAD37B0014F9836E00B7F09C /* PreferencePanes.framework */ = {isa = PBXFileReference; lastKnownFileType = wrapper.framework; name = PreferencePanes.framework; path = System/Library/Frameworks/PreferencePanes.framework; sourceTree = SDKROOT; };
		FAD37B1414F983B900B7F09C /* MMPrefPane.h */ = {isa = PBXFileReference; fileEncoding = 4; lastKnownFileType = sourcecode.c.h; path = MMPrefPane.h; sourceTree = "<group>"; };
		FAD37B1514F983B900B7F09C /* MMPrefPane.m */ = {isa = PBXFileReference; fileEncoding = 4; lastKnownFileType = sourcecode.c.objc; path = MMPrefPane.m; sourceTree = "<group>"; };
		FAD37B1614F983B900B7F09C /* Magic_Mouse.tiff */ = {isa = PBXFileReference; lastKnownFileType = image.tiff; path = Magic_Mouse.tiff; sourceTree = "<group>"; };
		FAD37B2314F983D700B7F09C /* en */ = {isa = PBXFileReference; lastKnownFileType = file.xib; name = en; path = en.lproj/Magic_Mouse.xib; sourceTree = "<group>"; };
		FAD37B2914F983E800B7F09C /* Magic Mouse-Info.plist */ = {isa = PBXFileReference; fileEncoding = 4; lastKnownFileType = text.plist.xml; path = "Magic Mouse-Info.plist"; sourceTree = "<group>"; };
		FAD37B2A14F983E800B7F09C /* Magic Mouse-Prefix.pch */ = {isa = PBXFileReference; fileEncoding = 4; lastKnownFileType = sourcecode.c.h; path = "Magic Mouse-Prefix.pch"; sourceTree = "<group>"; };
		FAD37B2E14F983F000B7F09C /* en */ = {isa = PBXFileReference; lastKnownFileType = text.plist.strings; name = en; path = en.lproj/InfoPlist.strings; sourceTree = "<group>"; };
		FADA4A4B14FAEA4F00517F22 /* MMAnimatingImageTableCellView.h */ = {isa = PBXFileReference; fileEncoding = 4; lastKnownFileType = sourcecode.c.h; name = MMAnimatingImageTableCellView.h; path = src/Views/MMAnimatingImageTableCellView.h; sourceTree = "<group>"; };
		FADA4A4C14FAEA4F00517F22 /* MMAnimatingImageTableCellView.m */ = {isa = PBXFileReference; fileEncoding = 4; lastKnownFileType = sourcecode.c.objc; name = MMAnimatingImageTableCellView.m; path = src/Views/MMAnimatingImageTableCellView.m; sourceTree = "<group>"; };
		FADA4A5314FB017400517F22 /* NSCursor_Private.h */ = {isa = PBXFileReference; fileEncoding = 4; lastKnownFileType = sourcecode.c.h; path = NSCursor_Private.h; sourceTree = "<group>"; };
		FAEBD4AA1551DBAA00F4B4D9 /* MMAdvancedEditWindowController.h */ = {isa = PBXFileReference; fileEncoding = 4; lastKnownFileType = sourcecode.c.h; name = MMAdvancedEditWindowController.h; path = src/Controllers/MMAdvancedEditWindowController.h; sourceTree = "<group>"; };
		FAEBD4AB1551DBAA00F4B4D9 /* MMAdvancedEditWindowController.m */ = {isa = PBXFileReference; fileEncoding = 4; lastKnownFileType = sourcecode.c.objc; name = MMAdvancedEditWindowController.m; path = src/Controllers/MMAdvancedEditWindowController.m; sourceTree = "<group>"; };
		FAEBD4AC1551DBAA00F4B4D9 /* EditWindow.xib */ = {isa = PBXFileReference; fileEncoding = 4; lastKnownFileType = file.xib; name = EditWindow.xib; path = src/Controllers/EditWindow.xib; sourceTree = "<group>"; };
		FAFC6EB214F9C1C300379751 /* Security.framework */ = {isa = PBXFileReference; lastKnownFileType = wrapper.framework; name = Security.framework; path = System/Library/Frameworks/Security.framework; sourceTree = SDKROOT; };
		FAFC6EB314F9C1C300379751 /* SecurityInterface.framework */ = {isa = PBXFileReference; lastKnownFileType = wrapper.framework; name = SecurityInterface.framework; path = System/Library/Frameworks/SecurityInterface.framework; sourceTree = SDKROOT; };
		FAFC6EB614F9E3F500379751 /* MMCursorAggregate.h */ = {isa = PBXFileReference; fileEncoding = 4; lastKnownFileType = sourcecode.c.h; path = MMCursorAggregate.h; sourceTree = "<group>"; };
		FAFC6EB714F9E3F500379751 /* MMCursorAggregate.m */ = {isa = PBXFileReference; fileEncoding = 4; lastKnownFileType = sourcecode.c.objc; path = MMCursorAggregate.m; sourceTree = "<group>"; };
/* End PBXFileReference section */

/* Begin PBXFrameworksBuildPhase section */
		FA6F2D1B14F3150E0098AE57 /* Frameworks */ = {
			isa = PBXFrameworksBuildPhase;
			buildActionMask = 2147483647;
			files = (
				FA319D3C14F353C50064E7CC /* Accelerate.framework in Frameworks */,
				FA6F2D2114F3150E0098AE57 /* CoreFoundation.framework in Frameworks */,
				FA6F2D2C14F3154E0098AE57 /* ApplicationServices.framework in Frameworks */,
			);
			runOnlyForDeploymentPostprocessing = 0;
		};
		FAD37AF914F9836E00B7F09C /* Frameworks */ = {
			isa = PBXFrameworksBuildPhase;
			buildActionMask = 2147483647;
			files = (
				FAFC6EB414F9C1C300379751 /* Security.framework in Frameworks */,
				FAFC6EB514F9C1C300379751 /* SecurityInterface.framework in Frameworks */,
				FAD37AFF14F9836E00B7F09C /* Cocoa.framework in Frameworks */,
				FAFC6EBA14F9EA9F00379751 /* Accelerate.framework in Frameworks */,
				FAD37B0114F9836E00B7F09C /* PreferencePanes.framework in Frameworks */,
			);
			runOnlyForDeploymentPostprocessing = 0;
		};
/* End PBXFrameworksBuildPhase section */

/* Begin PBXGroup section */
		FA07746F14F9A25400A1B91B /* CGSInternal */ = {
			isa = PBXGroup;
			children = (
				FA07747014F9A25400A1B91B /* CarbonHelpers.h */,
				FA07747114F9A25400A1B91B /* CGSAccessibility.h */,
				FA07747214F9A25400A1B91B /* CGSCIFilter.h */,
				FA07747314F9A25400A1B91B /* CGSConnection.h */,
				FA07747414F9A25400A1B91B /* CGSCursor.h */,
				FA07747514F9A25400A1B91B /* CGSDebug.h */,
				FA07747614F9A25400A1B91B /* CGSDisplays.h */,
				FA07747714F9A25400A1B91B /* CGSHotKeys.h */,
				FA07747814F9A25400A1B91B /* CGSInternal.h */,
				FA07747914F9A25400A1B91B /* CGSMisc.h */,
				FA07747A14F9A25400A1B91B /* CGSNotifications.h */,
				FA07747B14F9A25400A1B91B /* CGSRegion.h */,
				FA07747C14F9A25400A1B91B /* CGSSession.h */,
				FA07747D14F9A25400A1B91B /* CGSTransitions.h */,
				FA07747E14F9A25400A1B91B /* CGSWindow.h */,
				FA07747F14F9A25400A1B91B /* CGSWorkspace.h */,
			);
			path = CGSInternal;
			sourceTree = "<group>";
		};
		FA6F2CEE14F314FF0098AE57 = {
			isa = PBXGroup;
			children = (
				FA6F2D2214F3150E0098AE57 /* magicmouse */,
				FAD37B0214F9836E00B7F09C /* Magic Mouse */,
				FA6F2CFC14F315000098AE57 /* Frameworks */,
				FA6F2CFA14F315000098AE57 /* Products */,
			);
			sourceTree = "<group>";
		};
		FA6F2CFA14F315000098AE57 /* Products */ = {
			isa = PBXGroup;
			children = (
				FA6F2D1E14F3150E0098AE57 /* magicmouse */,
				FAD37AFE14F9836E00B7F09C /* Magic Mouse.prefPane */,
			);
			name = Products;
			sourceTree = "<group>";
		};
		FA6F2CFC14F315000098AE57 /* Frameworks */ = {
			isa = PBXGroup;
			children = (
				FAFC6EB214F9C1C300379751 /* Security.framework */,
				FAFC6EB314F9C1C300379751 /* SecurityInterface.framework */,
				FA319D3B14F353C50064E7CC /* Accelerate.framework */,
				FA6F2D2A14F315490098AE57 /* ApplicationServices.framework */,
				FA6F2CFD14F315000098AE57 /* Cocoa.framework */,
				FA6F2D2014F3150E0098AE57 /* CoreFoundation.framework */,
				FAD37B0014F9836E00B7F09C /* PreferencePanes.framework */,
				FA6F2CFF14F315000098AE57 /* Other Frameworks */,
			);
			name = Frameworks;
			sourceTree = "<group>";
		};
		FA6F2CFF14F315000098AE57 /* Other Frameworks */ = {
			isa = PBXGroup;
			children = (
				FA6F2D0014F315000098AE57 /* AppKit.framework */,
				FA6F2D0114F315000098AE57 /* CoreData.framework */,
				FA6F2D0214F315000098AE57 /* Foundation.framework */,
			);
			name = "Other Frameworks";
			sourceTree = "<group>";
		};
		FA6F2D2214F3150E0098AE57 /* magicmouse */ = {
			isa = PBXGroup;
			children = (
				FAD37AF614F9830600B7F09C /* MMDefs.h */,
				FA07746F14F9A25400A1B91B /* CGSInternal */,
				FA6F2D2314F3150E0098AE57 /* main.c */,
				FA6F2D2514F3150E0098AE57 /* magicmouse.1 */,
			);
			path = magicmouse;
			sourceTree = "<group>";
		};
		FAD37B0214F9836E00B7F09C /* Magic Mouse */ = {
			isa = PBXGroup;
			children = (
				FADA4A5314FB017400517F22 /* NSCursor_Private.h */,
				FAD37B1414F983B900B7F09C /* MMPrefPane.h */,
				FAD37B1514F983B900B7F09C /* MMPrefPane.m */,
				FA21EF961550C642002D688E /* MMCursorViewController.h */,
				FA21EF971550C642002D688E /* MMCursorViewController.m */,
				FAFC6EB614F9E3F500379751 /* MMCursorAggregate.h */,
				FAFC6EB714F9E3F500379751 /* MMCursorAggregate.m */,
				FA07746B14F9976100A1B91B /* MMAnimatingImageView.h */,
				FA07746C14F9976100A1B91B /* MMAnimatingImageView.m */,
				FADA4A4B14FAEA4F00517F22 /* MMAnimatingImageTableCellView.h */,
				FADA4A4C14FAEA4F00517F22 /* MMAnimatingImageTableCellView.m */,
				FA02424314FF0993006E6FE1 /* MMAdvancedEditViewController.h */,
				FA02424414FF0993006E6FE1 /* MMAdvancedEditViewController.m */,
				FAEBD4AA1551DBAA00F4B4D9 /* MMAdvancedEditWindowController.h */,
				FAEBD4AB1551DBAA00F4B4D9 /* MMAdvancedEditWindowController.m */,
				FAD37B0314F9836E00B7F09C /* Supporting Files */,
			);
			path = "Magic Mouse";
			sourceTree = "<group>";
		};
		FAD37B0314F9836E00B7F09C /* Supporting Files */ = {
			isa = PBXGroup;
			children = (
				0E7C3CC414F9FB1A0003A5FE /* cursor.png */,
				FAD37B1614F983B900B7F09C /* Magic_Mouse.tiff */,
				FA02424514FF0993006E6FE1 /* AdvancedEdit.xib */,
				FAEBD4AC1551DBAA00F4B4D9 /* EditWindow.xib */,
				FAD37B2214F983D700B7F09C /* Magic_Mouse.xib */,
				FAD37B2D14F983F000B7F09C /* InfoPlist.strings */,
				FAD37B2914F983E800B7F09C /* Magic Mouse-Info.plist */,
				FAD37B2A14F983E800B7F09C /* Magic Mouse-Prefix.pch */,
			);
			name = "Supporting Files";
			sourceTree = "<group>";
		};
/* End PBXGroup section */

/* Begin PBXHeadersBuildPhase section */
		FAD37AFA14F9836E00B7F09C /* Headers */ = {
			isa = PBXHeadersBuildPhase;
			buildActionMask = 2147483647;
			files = (
				FAD37B1714F983B900B7F09C /* MMPrefPane.h in Headers */,
				FAD37B2C14F983E800B7F09C /* Magic Mouse-Prefix.pch in Headers */,
				FA07748114F9A70E00A1B91B /* MMAnimatingImageView.h in Headers */,
				FAFC6EB814F9E3F500379751 /* MMCursorAggregate.h in Headers */,
				FADA4A4D14FAEA4F00517F22 /* MMAnimatingImageTableCellView.h in Headers */,
				FADA4A5414FB017400517F22 /* NSCursor_Private.h in Headers */,
				FA02424614FF0993006E6FE1 /* MMAdvancedEditViewController.h in Headers */,
				FA21EF981550C642002D688E /* MMCursorViewController.h in Headers */,
				FAEBD4AD1551DBAA00F4B4D9 /* MMAdvancedEditWindowController.h in Headers */,
			);
			runOnlyForDeploymentPostprocessing = 0;
		};
/* End PBXHeadersBuildPhase section */

/* Begin PBXNativeTarget section */
		FA6F2D1D14F3150E0098AE57 /* magicmouse */ = {
			isa = PBXNativeTarget;
			buildConfigurationList = FA6F2D2714F3150E0098AE57 /* Build configuration list for PBXNativeTarget "magicmouse" */;
			buildPhases = (
				FA6F2D1A14F3150E0098AE57 /* Sources */,
				FA6F2D1B14F3150E0098AE57 /* Frameworks */,
				FA6F2D1C14F3150E0098AE57 /* CopyFiles */,
			);
			buildRules = (
			);
			dependencies = (
			);
			name = magicmouse;
			productName = magicmouse;
			productReference = FA6F2D1E14F3150E0098AE57 /* magicmouse */;
			productType = "com.apple.product-type.tool";
		};
		FAD37AFD14F9836E00B7F09C /* Magic Mouse */ = {
			isa = PBXNativeTarget;
			buildConfigurationList = FAD37B1114F9836E00B7F09C /* Build configuration list for PBXNativeTarget "Magic Mouse" */;
			buildPhases = (
				FAD37AF814F9836E00B7F09C /* Sources */,
				FAD37AF914F9836E00B7F09C /* Frameworks */,
				FAD37AFA14F9836E00B7F09C /* Headers */,
				FAD37AFB14F9836E00B7F09C /* Resources */,
				FAFC6EAD14F9ACEF00379751 /* Copy magicmouse */,
				FA129BAC151297FF00F28572 /* ShellScript */,
			);
			buildRules = (
			);
			dependencies = (
				FADA4A5614FB05C900517F22 /* PBXTargetDependency */,
			);
			name = "Magic Mouse";
			productName = "Magic Mouse";
			productReference = FAD37AFE14F9836E00B7F09C /* Magic Mouse.prefPane */;
			productType = "com.apple.product-type.bundle";
		};
/* End PBXNativeTarget section */

/* Begin PBXProject section */
		FA6F2CF014F314FF0098AE57 /* Project object */ = {
			isa = PBXProject;
			attributes = {
				LastUpgradeCheck = 0430;
				ORGANIZATIONNAME = "Alex Zielenski";
			};
			buildConfigurationList = FA6F2CF314F314FF0098AE57 /* Build configuration list for PBXProject "Magic Mouse" */;
			compatibilityVersion = "Xcode 3.2";
			developmentRegion = English;
			hasScannedForEncodings = 0;
			knownRegions = (
				en,
			);
			mainGroup = FA6F2CEE14F314FF0098AE57;
			productRefGroup = FA6F2CFA14F315000098AE57 /* Products */;
			projectDirPath = "";
			projectRoot = "";
			targets = (
				FA6F2D1D14F3150E0098AE57 /* magicmouse */,
				FAD37AFD14F9836E00B7F09C /* Magic Mouse */,
			);
		};
/* End PBXProject section */

/* Begin PBXResourcesBuildPhase section */
		FAD37AFB14F9836E00B7F09C /* Resources */ = {
			isa = PBXResourcesBuildPhase;
			buildActionMask = 2147483647;
			files = (
				FAD37B1914F983B900B7F09C /* Magic_Mouse.tiff in Resources */,
				FAD37B2414F983D700B7F09C /* Magic_Mouse.xib in Resources */,
				FAD37B2F14F983F000B7F09C /* InfoPlist.strings in Resources */,
				0E7C3CC514F9FB1A0003A5FE /* cursor.png in Resources */,
				FA02424814FF0993006E6FE1 /* AdvancedEdit.xib in Resources */,
				FAEBD4AF1551DBAA00F4B4D9 /* EditWindow.xib in Resources */,
			);
			runOnlyForDeploymentPostprocessing = 0;
		};
/* End PBXResourcesBuildPhase section */

/* Begin PBXShellScriptBuildPhase section */
		FA129BAC151297FF00F28572 /* ShellScript */ = {
			isa = PBXShellScriptBuildPhase;
			buildActionMask = 2147483647;
			files = (
			);
			inputPaths = (
			);
			outputPaths = (
			);
			runOnlyForDeploymentPostprocessing = 0;
			shellPath = /bin/sh;
			shellScript = "#!/bin/bash\nbuildNumber=$(/usr/libexec/PlistBuddy -c \"Print CFBundleVersion\" \"Magic Mouse/Magic Mouse-Info.plist\")\nbuildNumber=$(($buildNumber + 1))\n/usr/libexec/PlistBuddy -c \"Set :CFBundleVersion $buildNumber\" \"Magic Mouse/Magic Mouse-Info.plist\"";
		};
/* End PBXShellScriptBuildPhase section */

/* Begin PBXSourcesBuildPhase section */
		FA6F2D1A14F3150E0098AE57 /* Sources */ = {
			isa = PBXSourcesBuildPhase;
			buildActionMask = 2147483647;
			files = (
				FA6F2D2414F3150E0098AE57 /* main.c in Sources */,
			);
			runOnlyForDeploymentPostprocessing = 0;
		};
		FAD37AF814F9836E00B7F09C /* Sources */ = {
			isa = PBXSourcesBuildPhase;
			buildActionMask = 2147483647;
			files = (
				FAD37B1814F983B900B7F09C /* MMPrefPane.m in Sources */,
				FA07748014F9A70A00A1B91B /* MMAnimatingImageView.m in Sources */,
				FAFC6EB914F9E3F500379751 /* MMCursorAggregate.m in Sources */,
				FADA4A4E14FAEA4F00517F22 /* MMAnimatingImageTableCellView.m in Sources */,
				FA02424714FF0993006E6FE1 /* MMAdvancedEditViewController.m in Sources */,
				FA21EF991550C642002D688E /* MMCursorViewController.m in Sources */,
				FAEBD4AE1551DBAA00F4B4D9 /* MMAdvancedEditWindowController.m in Sources */,
			);
			runOnlyForDeploymentPostprocessing = 0;
		};
/* End PBXSourcesBuildPhase section */

/* Begin PBXTargetDependency section */
		FADA4A5614FB05C900517F22 /* PBXTargetDependency */ = {
			isa = PBXTargetDependency;
			target = FA6F2D1D14F3150E0098AE57 /* magicmouse */;
			targetProxy = FADA4A5514FB05C900517F22 /* PBXContainerItemProxy */;
		};
/* End PBXTargetDependency section */

/* Begin PBXVariantGroup section */
		FAD37B2214F983D700B7F09C /* Magic_Mouse.xib */ = {
			isa = PBXVariantGroup;
			children = (
				FAD37B2314F983D700B7F09C /* en */,
			);
			name = Magic_Mouse.xib;
			sourceTree = "<group>";
		};
		FAD37B2D14F983F000B7F09C /* InfoPlist.strings */ = {
			isa = PBXVariantGroup;
			children = (
				FAD37B2E14F983F000B7F09C /* en */,
			);
			name = InfoPlist.strings;
			sourceTree = "<group>";
		};
/* End PBXVariantGroup section */

/* Begin XCBuildConfiguration section */
		FA6F2D1514F315000098AE57 /* Debug */ = {
			isa = XCBuildConfiguration;
			buildSettings = {
				ALWAYS_SEARCH_USER_PATHS = NO;
				ARCHS = "$(ARCHS_STANDARD_64_BIT)";
				COPY_PHASE_STRIP = NO;
				DEPLOYMENT_LOCATION = NO;
				GCC_C_LANGUAGE_STANDARD = gnu99;
				GCC_DYNAMIC_NO_PIC = NO;
				GCC_ENABLE_OBJC_EXCEPTIONS = YES;
				GCC_OPTIMIZATION_LEVEL = 0;
				GCC_PREPROCESSOR_DEFINITIONS = (
					"DEBUG=1",
					"$(inherited)",
				);
				GCC_SYMBOLS_PRIVATE_EXTERN = NO;
				GCC_VERSION = com.apple.compilers.llvm.clang.1_0;
				GCC_WARN_64_TO_32_BIT_CONVERSION = YES;
				GCC_WARN_ABOUT_MISSING_PROTOTYPES = YES;
				GCC_WARN_ABOUT_RETURN_TYPE = YES;
				GCC_WARN_UNUSED_VARIABLE = YES;
				MACOSX_DEPLOYMENT_TARGET = 10.7;
				ONLY_ACTIVE_ARCH = YES;
				OTHER_LDFLAGS = "";
				SDKROOT = macosx10.7;
			};
			name = Debug;
		};
		FA6F2D1614F315000098AE57 /* Release */ = {
			isa = XCBuildConfiguration;
			buildSettings = {
				ALWAYS_SEARCH_USER_PATHS = NO;
				ARCHS = "$(ARCHS_STANDARD_64_BIT)";
				COPY_PHASE_STRIP = YES;
				DEBUG_INFORMATION_FORMAT = "dwarf-with-dsym";
				DEPLOYMENT_LOCATION = NO;
				GCC_C_LANGUAGE_STANDARD = gnu99;
				GCC_ENABLE_OBJC_EXCEPTIONS = YES;
				GCC_VERSION = com.apple.compilers.llvm.clang.1_0;
				GCC_WARN_64_TO_32_BIT_CONVERSION = YES;
				GCC_WARN_ABOUT_MISSING_PROTOTYPES = YES;
				GCC_WARN_ABOUT_RETURN_TYPE = YES;
				GCC_WARN_UNUSED_VARIABLE = YES;
				MACOSX_DEPLOYMENT_TARGET = 10.7;
				OTHER_LDFLAGS = "";
				SDKROOT = macosx10.7;
			};
			name = Release;
		};
		FA6F2D2814F3150E0098AE57 /* Debug */ = {
			isa = XCBuildConfiguration;
			buildSettings = {
				PRODUCT_NAME = "$(TARGET_NAME)";
			};
			name = Debug;
		};
		FA6F2D2914F3150E0098AE57 /* Release */ = {
			isa = XCBuildConfiguration;
			buildSettings = {
				PRODUCT_NAME = "$(TARGET_NAME)";
			};
			name = Release;
		};
		FAD37B1214F9836E00B7F09C /* Debug */ = {
			isa = XCBuildConfiguration;
			buildSettings = {
				DEPLOYMENT_LOCATION = YES;
				DSTROOT = /;
				GCC_ENABLE_OBJC_GC = supported;
				GCC_PRECOMPILE_PREFIX_HEADER = YES;
				GCC_PREFIX_HEADER = "Magic Mouse/Magic Mouse-Prefix.pch";
				INFOPLIST_FILE = "Magic Mouse/Magic Mouse-Info.plist";
				INSTALL_PATH = "$(HOME)/Library/PreferencePanes";
				PRODUCT_NAME = "$(TARGET_NAME)";
				WRAPPER_EXTENSION = prefPane;
			};
			name = Debug;
		};
		FAD37B1314F9836E00B7F09C /* Release */ = {
			isa = XCBuildConfiguration;
			buildSettings = {
				DEPLOYMENT_LOCATION = YES;
				DSTROOT = /;
				GCC_ENABLE_OBJC_GC = supported;
				GCC_PRECOMPILE_PREFIX_HEADER = YES;
				GCC_PREFIX_HEADER = "Magic Mouse/Magic Mouse-Prefix.pch";
				INFOPLIST_FILE = "Magic Mouse/Magic Mouse-Info.plist";
				INSTALL_PATH = "$(HOME)/Library/PreferencePanes";
				PRODUCT_NAME = "$(TARGET_NAME)";
				WRAPPER_EXTENSION = prefPane;
			};
			name = Release;
		};
/* End XCBuildConfiguration section */

/* Begin XCConfigurationList section */
		FA6F2CF314F314FF0098AE57 /* Build configuration list for PBXProject "Magic Mouse" */ = {
			isa = XCConfigurationList;
			buildConfigurations = (
				FA6F2D1514F315000098AE57 /* Debug */,
				FA6F2D1614F315000098AE57 /* Release */,
			);
			defaultConfigurationIsVisible = 0;
			defaultConfigurationName = Release;
		};
		FA6F2D2714F3150E0098AE57 /* Build configuration list for PBXNativeTarget "magicmouse" */ = {
			isa = XCConfigurationList;
			buildConfigurations = (
				FA6F2D2814F3150E0098AE57 /* Debug */,
				FA6F2D2914F3150E0098AE57 /* Release */,
			);
			defaultConfigurationIsVisible = 0;
			defaultConfigurationName = Release;
		};
		FAD37B1114F9836E00B7F09C /* Build configuration list for PBXNativeTarget "Magic Mouse" */ = {
			isa = XCConfigurationList;
			buildConfigurations = (
				FAD37B1214F9836E00B7F09C /* Debug */,
				FAD37B1314F9836E00B7F09C /* Release */,
			);
			defaultConfigurationIsVisible = 0;
			defaultConfigurationName = Release;
		};
/* End XCConfigurationList section */
	};
	rootObject = FA6F2CF014F314FF0098AE57 /* Project object */;
}
