// !$*UTF8*$!
{
	archiveVersion = 1;
	classes = {
	};
	objectVersion = 46;
	objects = {

/* Begin PBXBuildFile section */
		FA6F2CFE14F315000098AE57 /* Cocoa.framework in Frameworks */ = {isa = PBXBuildFile; fileRef = FA6F2CFD14F315000098AE57 /* Cocoa.framework */; };
		FA6F2D0814F315000098AE57 /* InfoPlist.strings in Resources */ = {isa = PBXBuildFile; fileRef = FA6F2D0614F315000098AE57 /* InfoPlist.strings */; };
		FA6F2D0A14F315000098AE57 /* main.m in Sources */ = {isa = PBXBuildFile; fileRef = FA6F2D0914F315000098AE57 /* main.m */; };
		FA6F2D0E14F315000098AE57 /* Credits.rtf in Resources */ = {isa = PBXBuildFile; fileRef = FA6F2D0C14F315000098AE57 /* Credits.rtf */; };
		FA6F2D1114F315000098AE57 /* MMAppDelegate.m in Sources */ = {isa = PBXBuildFile; fileRef = FA6F2D1014F315000098AE57 /* MMAppDelegate.m */; };
		FA6F2D1414F315000098AE57 /* MainMenu.xib in Resources */ = {isa = PBXBuildFile; fileRef = FA6F2D1214F315000098AE57 /* MainMenu.xib */; };
/* End PBXBuildFile section */

/* Begin PBXFileReference section */
		FA6F2CF914F315000098AE57 /* Magic Mouse.app */ = {isa = PBXFileReference; explicitFileType = wrapper.application; includeInIndex = 0; path = "Magic Mouse.app"; sourceTree = BUILT_PRODUCTS_DIR; };
		FA6F2CFD14F315000098AE57 /* Cocoa.framework */ = {isa = PBXFileReference; lastKnownFileType = wrapper.framework; name = Cocoa.framework; path = System/Library/Frameworks/Cocoa.framework; sourceTree = SDKROOT; };
		FA6F2D0014F315000098AE57 /* AppKit.framework */ = {isa = PBXFileReference; lastKnownFileType = wrapper.framework; name = AppKit.framework; path = System/Library/Frameworks/AppKit.framework; sourceTree = SDKROOT; };
		FA6F2D0114F315000098AE57 /* CoreData.framework */ = {isa = PBXFileReference; lastKnownFileType = wrapper.framework; name = CoreData.framework; path = System/Library/Frameworks/CoreData.framework; sourceTree = SDKROOT; };
		FA6F2D0214F315000098AE57 /* Foundation.framework */ = {isa = PBXFileReference; lastKnownFileType = wrapper.framework; name = Foundation.framework; path = System/Library/Frameworks/Foundation.framework; sourceTree = SDKROOT; };
		FA6F2D0514F315000098AE57 /* Magic Mouse-Info.plist */ = {isa = PBXFileReference; path = "Magic Mouse-Info.plist"; sourceTree = "<group>"; };
		FA6F2D0714F315000098AE57 /* en */ = {isa = PBXFileReference; lastKnownFileType = text.plist.strings; name = en; path = en.lproj/InfoPlist.strings; sourceTree = "<group>"; };
		FA6F2D0914F315000098AE57 /* main.m */ = {isa = PBXFileReference; lastKnownFileType = sourcecode.c.objc; path = main.m; sourceTree = "<group>"; };
		FA6F2D0B14F315000098AE57 /* Magic Mouse-Prefix.pch */ = {isa = PBXFileReference; path = "Magic Mouse-Prefix.pch"; sourceTree = "<group>"; };
		FA6F2D0D14F315000098AE57 /* en */ = {isa = PBXFileReference; lastKnownFileType = text.rtf; name = en; path = en.lproj/Credits.rtf; sourceTree = "<group>"; };
		FA6F2D0F14F315000098AE57 /* MMAppDelegate.h */ = {isa = PBXFileReference; path = MMAppDelegate.h; sourceTree = "<group>"; };
		FA6F2D1014F315000098AE57 /* MMAppDelegate.m */ = {isa = PBXFileReference; lastKnownFileType = sourcecode.c.objc; path = MMAppDelegate.m; sourceTree = "<group>"; };
		FA6F2D1314F315000098AE57 /* en */ = {isa = PBXFileReference; lastKnownFileType = file.xib; name = en; path = en.lproj/MainMenu.xib; sourceTree = "<group>"; };
/* End PBXFileReference section */

/* Begin PBXFrameworksBuildPhase section */
		FA6F2CF614F315000098AE57 /* Frameworks */ = {
			isa = PBXFrameworksBuildPhase;
			buildActionMask = 2147483647;
			files = (
				FA6F2CFE14F315000098AE57 /* Cocoa.framework in Frameworks */,
			);
			runOnlyForDeploymentPostprocessing = 0;
		};
/* End PBXFrameworksBuildPhase section */

/* Begin PBXGroup section */
		FA6F2CEE14F314FF0098AE57 = {
			isa = PBXGroup;
			children = (
				FA6F2D0314F315000098AE57 /* Magic Mouse */,
				FA6F2CFC14F315000098AE57 /* Frameworks */,
				FA6F2CFA14F315000098AE57 /* Products */,
			);
			sourceTree = "<group>";
		};
		FA6F2CFA14F315000098AE57 /* Products */ = {
			isa = PBXGroup;
			children = (
				FA6F2CF914F315000098AE57 /* Magic Mouse.app */,
			);
			name = Products;
			sourceTree = "<group>";
		};
		FA6F2CFC14F315000098AE57 /* Frameworks */ = {
			isa = PBXGroup;
			children = (
				FA6F2CFD14F315000098AE57 /* Cocoa.framework */,
				FA6F2CFF14F315000098AE57 /* Other Frameworks */,
			);
			name = Frameworks;
			sourceTree = "<group>";
		};
		FA6F2CFF14F315000098AE57 /* Other Frameworks */ = {
			isa = PBXGroup;
			children = (
				FA6F2D0014F315000098AE57 /* AppKit.framework */,
				FA6F2D0114F315000098AE57 /* CoreData.framework */,
				FA6F2D0214F315000098AE57 /* Foundation.framework */,
			);
			name = "Other Frameworks";
			sourceTree = "<group>";
		};
		FA6F2D0314F315000098AE57 /* Magic Mouse */ = {
			isa = PBXGroup;
			children = (
				FA6F2D0F14F315000098AE57 /* MMAppDelegate.h */,
				FA6F2D1014F315000098AE57 /* MMAppDelegate.m */,
				FA6F2D1214F315000098AE57 /* MainMenu.xib */,
				FA6F2D0414F315000098AE57 /* Supporting Files */,
			);
			path = "Magic Mouse";
			sourceTree = "<group>";
		};
		FA6F2D0414F315000098AE57 /* Supporting Files */ = {
			isa = PBXGroup;
			children = (
				FA6F2D0514F315000098AE57 /* Magic Mouse-Info.plist */,
				FA6F2D0614F315000098AE57 /* InfoPlist.strings */,
				FA6F2D0914F315000098AE57 /* main.m */,
				FA6F2D0B14F315000098AE57 /* Magic Mouse-Prefix.pch */,
				FA6F2D0C14F315000098AE57 /* Credits.rtf */,
			);
			name = "Supporting Files";
			sourceTree = "<group>";
		};
/* End PBXGroup section */

/* Begin PBXNativeTarget section */
		FA6F2CF814F315000098AE57 /* Magic Mouse */ = {
			isa = PBXNativeTarget;
			buildConfigurationList = FA6F2D1714F315000098AE57 /* Build configuration list for PBXNativeTarget "Magic Mouse" */;
			buildPhases = (
				FA6F2CF514F315000098AE57 /* Sources */,
				FA6F2CF614F315000098AE57 /* Frameworks */,
				FA6F2CF714F315000098AE57 /* Resources */,
			);
			buildRules = (
			);
			dependencies = (
			);
			name = "Magic Mouse";
			productName = "Magic Mouse";
			productReference = FA6F2CF914F315000098AE57 /* Magic Mouse.app */;
			productType = "com.apple.product-type.application";
		};
/* End PBXNativeTarget section */

/* Begin PBXProject section */
		FA6F2CF014F314FF0098AE57 /* Project object */ = {
			isa = PBXProject;
			attributes = {
				LastUpgradeCheck = 0420;
				ORGANIZATIONNAME = "Alex Zielenski";
			};
			buildConfigurationList = FA6F2CF314F314FF0098AE57 /* Build configuration list for PBXProject "Magic Mouse" */;
			compatibilityVersion = "Xcode 3.2";
			developmentRegion = English;
			hasScannedForEncodings = 0;
			knownRegions = (
				en,
			);
			mainGroup = FA6F2CEE14F314FF0098AE57;
			productRefGroup = FA6F2CFA14F315000098AE57 /* Products */;
			projectDirPath = "";
			projectRoot = "";
			targets = (
				FA6F2CF814F315000098AE57 /* Magic Mouse */,
			);
		};
/* End PBXProject section */

/* Begin PBXResourcesBuildPhase section */
		FA6F2CF714F315000098AE57 /* Resources */ = {
			isa = PBXResourcesBuildPhase;
			buildActionMask = 2147483647;
			files = (
				FA6F2D0814F315000098AE57 /* InfoPlist.strings in Resources */,
				FA6F2D0E14F315000098AE57 /* Credits.rtf in Resources */,
				FA6F2D1414F315000098AE57 /* MainMenu.xib in Resources */,
			);
			runOnlyForDeploymentPostprocessing = 0;
		};
/* End PBXResourcesBuildPhase section */

/* Begin PBXSourcesBuildPhase section */
		FA6F2CF514F315000098AE57 /* Sources */ = {
			isa = PBXSourcesBuildPhase;
			buildActionMask = 2147483647;
			files = (
				FA6F2D0A14F315000098AE57 /* main.m in Sources */,
				FA6F2D1114F315000098AE57 /* MMAppDelegate.m in Sources */,
			);
			runOnlyForDeploymentPostprocessing = 0;
		};
/* End PBXSourcesBuildPhase section */

/* Begin PBXVariantGroup section */
		FA6F2D0614F315000098AE57 /* InfoPlist.strings */ = {
			isa = PBXVariantGroup;
			children = (
				FA6F2D0714F315000098AE57 /* en */,
			);
			name = InfoPlist.strings;
			sourceTree = "<group>";
		};
		FA6F2D0C14F315000098AE57 /* Credits.rtf */ = {
			isa = PBXVariantGroup;
			children = (
				FA6F2D0D14F315000098AE57 /* en */,
			);
			name = Credits.rtf;
			sourceTree = "<group>";
		};
		FA6F2D1214F315000098AE57 /* MainMenu.xib */ = {
			isa = PBXVariantGroup;
			children = (
				FA6F2D1314F315000098AE57 /* en */,
			);
			name = MainMenu.xib;
			sourceTree = "<group>";
		};
/* End PBXVariantGroup section */

/* Begin XCBuildConfiguration section */
		FA6F2D1514F315000098AE57 /* Debug */ = {
			isa = XCBuildConfiguration;
			buildSettings = {
				ALWAYS_SEARCH_USER_PATHS = NO;
				ARCHS = "$(ARCHS_STANDARD_64_BIT)";
				COPY_PHASE_STRIP = NO;
				GCC_C_LANGUAGE_STANDARD = gnu99;
				GCC_DYNAMIC_NO_PIC = NO;
				GCC_ENABLE_OBJC_EXCEPTIONS = YES;
				GCC_OPTIMIZATION_LEVEL = 0;
				GCC_PREPROCESSOR_DEFINITIONS = (
					"DEBUG=1",
					"$(inherited)",
				);
				GCC_SYMBOLS_PRIVATE_EXTERN = NO;
				GCC_VERSION = com.apple.compilers.llvm.clang.1_0;
				GCC_WARN_64_TO_32_BIT_CONVERSION = YES;
				GCC_WARN_ABOUT_MISSING_PROTOTYPES = YES;
				GCC_WARN_ABOUT_RETURN_TYPE = YES;
				GCC_WARN_UNUSED_VARIABLE = YES;
				MACOSX_DEPLOYMENT_TARGET = 10.7;
				ONLY_ACTIVE_ARCH = YES;
				SDKROOT = macosx;
			};
			name = Debug;
		};
		FA6F2D1614F315000098AE57 /* Release */ = {
			isa = XCBuildConfiguration;
			buildSettings = {
				ALWAYS_SEARCH_USER_PATHS = NO;
				ARCHS = "$(ARCHS_STANDARD_64_BIT)";
				COPY_PHASE_STRIP = YES;
				DEBUG_INFORMATION_FORMAT = "dwarf-with-dsym";
				GCC_C_LANGUAGE_STANDARD = gnu99;
				GCC_ENABLE_OBJC_EXCEPTIONS = YES;
				GCC_VERSION = com.apple.compilers.llvm.clang.1_0;
				GCC_WARN_64_TO_32_BIT_CONVERSION = YES;
				GCC_WARN_ABOUT_MISSING_PROTOTYPES = YES;
				GCC_WARN_ABOUT_RETURN_TYPE = YES;
				GCC_WARN_UNUSED_VARIABLE = YES;
				MACOSX_DEPLOYMENT_TARGET = 10.7;
				SDKROOT = macosx;
			};
			name = Release;
		};
		FA6F2D1814F315000098AE57 /* Debug */ = {
			isa = XCBuildConfiguration;
			buildSettings = {
				GCC_PRECOMPILE_PREFIX_HEADER = YES;
				GCC_PREFIX_HEADER = "Magic Mouse/Magic Mouse-Prefix.pch";
				INFOPLIST_FILE = "Magic Mouse/Magic Mouse-Info.plist";
				PRODUCT_NAME = "$(TARGET_NAME)";
				WRAPPER_EXTENSION = app;
			};
			name = Debug;
		};
		FA6F2D1914F315000098AE57 /* Release */ = {
			isa = XCBuildConfiguration;
			buildSettings = {
				GCC_PRECOMPILE_PREFIX_HEADER = YES;
				GCC_PREFIX_HEADER = "Magic Mouse/Magic Mouse-Prefix.pch";
				INFOPLIST_FILE = "Magic Mouse/Magic Mouse-Info.plist";
				PRODUCT_NAME = "$(TARGET_NAME)";
				WRAPPER_EXTENSION = app;
			};
			name = Release;
		};
/* End XCBuildConfiguration section */

/* Begin XCConfigurationList section */
		FA6F2CF314F314FF0098AE57 /* Build configuration list for PBXProject "Magic Mouse" */ = {
			isa = XCConfigurationList;
			buildConfigurations = (
				FA6F2D1514F315000098AE57 /* Debug */,
				FA6F2D1614F315000098AE57 /* Release */,
			);
			defaultConfigurationIsVisible = 0;
			defaultConfigurationName = Release;
		};
		FA6F2D1714F315000098AE57 /* Build configuration list for PBXNativeTarget "Magic Mouse" */ = {
			isa = XCConfigurationList;
			buildConfigurations = (
				FA6F2D1814F315000098AE57 /* Debug */,
				FA6F2D1914F315000098AE57 /* Release */,
			);
			defaultConfigurationIsVisible = 0;
		};
/* End XCConfigurationList section */
	};
	rootObject = FA6F2CF014F314FF0098AE57 /* Project object */;
}
