// !$*UTF8*$!
{
	archiveVersion = 1;
	classes = {
	};
	objectVersion = 46;
	objects = {

/* Begin PBXBuildFile section */
		FA04886C189F58B1001F3AB5 /* Edit.xib in Resources */ = {isa = PBXBuildFile; fileRef = FA048868189F58B1001F3AB5 /* Edit.xib */; };
		FA04886D189F58B1001F3AB5 /* Library.xib in Resources */ = {isa = PBXBuildFile; fileRef = FA04886A189F58B1001F3AB5 /* Library.xib */; };
		FA14DE8D18CE596B00A73BF4 /* RBLClipView.m in Sources */ = {isa = PBXBuildFile; fileRef = FA14DE8A18CE596B00A73BF4 /* RBLClipView.m */; settings = {COMPILER_FLAGS = "-fno-objc-arc"; }; };
		FA14DE8E18CE596B00A73BF4 /* RBLScrollView.m in Sources */ = {isa = PBXBuildFile; fileRef = FA14DE8C18CE596B00A73BF4 /* RBLScrollView.m */; };
		FA14DE9118CE59A600A73BF4 /* NSColor+RBLCGColorAdditions.m in Sources */ = {isa = PBXBuildFile; fileRef = FA14DE9018CE59A600A73BF4 /* NSColor+RBLCGColorAdditions.m */; settings = {COMPILER_FLAGS = "-fno-objc-arc"; }; };
		FA1DC01919527A73009E879C /* SystemConfiguration.framework in Frameworks */ = {isa = PBXBuildFile; fileRef = FA359844189DBA3800288163 /* SystemConfiguration.framework */; };
		FA1DC01A19527A79009E879C /* ApplicationServices.framework in Frameworks */ = {isa = PBXBuildFile; fileRef = FA254779189D85890038E1D9 /* ApplicationServices.framework */; };
		FA35983F189DA3BC00288163 /* MCPrefs.m in Sources */ = {isa = PBXBuildFile; fileRef = FA35983E189DA3BC00288163 /* MCPrefs.m */; };
		FA359840189DA3C100288163 /* MCPrefs.m in Sources */ = {isa = PBXBuildFile; fileRef = FA35983E189DA3BC00288163 /* MCPrefs.m */; settings = {COMPILER_FLAGS = "-fno-objc-arc"; }; };
		FA359849189DC40100288163 /* Security.framework in Frameworks */ = {isa = PBXBuildFile; fileRef = FA359848189DC40100288163 /* Security.framework */; };
		FA35984D189DC55A00288163 /* ServiceManagement.framework in Frameworks */ = {isa = PBXBuildFile; fileRef = FA35984C189DC55A00288163 /* ServiceManagement.framework */; };
		FA359852189E035900288163 /* listen.m in Sources */ = {isa = PBXBuildFile; fileRef = FA359851189E035900288163 /* listen.m */; };
		FA359853189E040D00288163 /* SystemConfiguration.framework in Frameworks */ = {isa = PBXBuildFile; fileRef = FA359844189DBA3800288163 /* SystemConfiguration.framework */; };
		FA5107E718A823BD00917185 /* MASPreferencesWindow.xib in Resources */ = {isa = PBXBuildFile; fileRef = FA5107E118A823BD00917185 /* MASPreferencesWindow.xib */; };
		FA5107E818A823BD00917185 /* MASPreferencesWindowController.m in Sources */ = {isa = PBXBuildFile; fileRef = FA5107E318A823BD00917185 /* MASPreferencesWindowController.m */; };
		FA5107ED18A8253600917185 /* MCGeneralPreferencesController.m in Sources */ = {isa = PBXBuildFile; fileRef = FA5107EB18A8253600917185 /* MCGeneralPreferencesController.m */; };
		FA5107EE18A8253600917185 /* GeneralPreferences.xib in Resources */ = {isa = PBXBuildFile; fileRef = FA5107EC18A8253600917185 /* GeneralPreferences.xib */; };
		FA7582B8193D377300CE223C /* ApplicationServices.framework in Frameworks */ = {isa = PBXBuildFile; fileRef = FA7582B7193D377300CE223C /* ApplicationServices.framework */; };
		FA8FF76B189D664400750E51 /* restore.m in Sources */ = {isa = PBXBuildFile; fileRef = FA8FF76A189D664400750E51 /* restore.m */; };
		FA8FF76E189D66CB00750E51 /* backup.m in Sources */ = {isa = PBXBuildFile; fileRef = FA8FF76D189D66CB00750E51 /* backup.m */; };
		FA8FF771189D66D800750E51 /* apply.m in Sources */ = {isa = PBXBuildFile; fileRef = FA8FF770189D66D800750E51 /* apply.m */; };
		FA8FF774189D67B100750E51 /* create.m in Sources */ = {isa = PBXBuildFile; fileRef = FA8FF773189D67B100750E51 /* create.m */; };
		FAAEF8F4189EB32700145DF8 /* BTRClipView.m in Sources */ = {isa = PBXBuildFile; fileRef = FAAEF8F1189EB32700145DF8 /* BTRClipView.m */; };
		FAAEF8F5189EB32700145DF8 /* BTRScrollView.m in Sources */ = {isa = PBXBuildFile; fileRef = FAAEF8F3189EB32700145DF8 /* BTRScrollView.m */; };
		FAAEF8F7189EB34700145DF8 /* QuartzCore.framework in Frameworks */ = {isa = PBXBuildFile; fileRef = FAAEF8F6189EB34700145DF8 /* QuartzCore.framework */; };
		FAAEF94E189EFC9300145DF8 /* create.m in Sources */ = {isa = PBXBuildFile; fileRef = FA8FF773189D67B100750E51 /* create.m */; settings = {COMPILER_FLAGS = "-fno-objc-arc"; }; };
		FAAEF94F189EFC9600145DF8 /* backup.m in Sources */ = {isa = PBXBuildFile; fileRef = FA8FF76D189D66CB00750E51 /* backup.m */; settings = {COMPILER_FLAGS = "-fno-objc-arc"; }; };
		FAAEF950189EFC9800145DF8 /* apply.m in Sources */ = {isa = PBXBuildFile; fileRef = FA8FF770189D66D800750E51 /* apply.m */; };
		FAAEF951189F0CC300145DF8 /* restore.m in Sources */ = {isa = PBXBuildFile; fileRef = FA8FF76A189D664400750E51 /* restore.m */; settings = {COMPILER_FLAGS = "-fno-objc-arc"; }; };
		FAAEF957189F4ED300145DF8 /* scale.m in Sources */ = {isa = PBXBuildFile; fileRef = FAAEF956189F4ED300145DF8 /* scale.m */; };
		FAAEF958189F4F8200145DF8 /* scale.m in Sources */ = {isa = PBXBuildFile; fileRef = FAAEF956189F4ED300145DF8 /* scale.m */; settings = {COMPILER_FLAGS = "-fno-objc-arc"; }; };
		FABA44D421D9D7D0009B10D9 /* NSBitmapImageRep+ColorSpace.m in Sources */ = {isa = PBXBuildFile; fileRef = FABA44D321D9D7D0009B10D9 /* NSBitmapImageRep+ColorSpace.m */; };
		FABA44D521D9D947009B10D9 /* NSBitmapImageRep+ColorSpace.m in Sources */ = {isa = PBXBuildFile; fileRef = FABA44D321D9D7D0009B10D9 /* NSBitmapImageRep+ColorSpace.m */; };
		FAC69F65189D603C00BC829D /* Cocoa.framework in Frameworks */ = {isa = PBXBuildFile; fileRef = FAC69F64189D603C00BC829D /* Cocoa.framework */; };
		FAC69F6F189D603C00BC829D /* InfoPlist.strings in Resources */ = {isa = PBXBuildFile; fileRef = FAC69F6D189D603C00BC829D /* InfoPlist.strings */; };
		FAC69F71189D603C00BC829D /* main.m in Sources */ = {isa = PBXBuildFile; fileRef = FAC69F70189D603C00BC829D /* main.m */; };
		FAC69F75189D603C00BC829D /* Credits.rtf in Resources */ = {isa = PBXBuildFile; fileRef = FAC69F73189D603C00BC829D /* Credits.rtf */; };
		FAC69F78189D603C00BC829D /* MCAppDelegate.m in Sources */ = {isa = PBXBuildFile; fileRef = FAC69F77189D603C00BC829D /* MCAppDelegate.m */; };
		FAC69F7B189D603C00BC829D /* MainMenu.xib in Resources */ = {isa = PBXBuildFile; fileRef = FAC69F79189D603C00BC829D /* MainMenu.xib */; };
		FAC69F7D189D603C00BC829D /* Images.xcassets in Resources */ = {isa = PBXBuildFile; fileRef = FAC69F7C189D603C00BC829D /* Images.xcassets */; };
		FAC69FB1189D608900BC829D /* main.m in Sources */ = {isa = PBXBuildFile; fileRef = FAC69FB0189D608900BC829D /* main.m */; };
		FAC69FB5189D608900BC829D /* mousecloak.1 in CopyFiles */ = {isa = PBXBuildFile; fileRef = FAC69FB4189D608900BC829D /* mousecloak.1 */; };
		FAC69FD4189D609B00BC829D /* GBCommandLineParser.m in Sources */ = {isa = PBXBuildFile; fileRef = FAC69FCF189D609B00BC829D /* GBCommandLineParser.m */; settings = {COMPILER_FLAGS = "-fobjc-arc"; }; };
		FAC69FD5189D609B00BC829D /* GBOptionsHelper.m in Sources */ = {isa = PBXBuildFile; fileRef = FAC69FD1189D609B00BC829D /* GBOptionsHelper.m */; settings = {COMPILER_FLAGS = "-fobjc-arc"; }; };
		FAC69FD6189D609B00BC829D /* GBSettings.m in Sources */ = {isa = PBXBuildFile; fileRef = FAC69FD3189D609B00BC829D /* GBSettings.m */; settings = {COMPILER_FLAGS = "-fobjc-arc"; }; };
		FAC69FDA189D632B00BC829D /* Cocoa.framework in Frameworks */ = {isa = PBXBuildFile; fileRef = FAC69F64189D603C00BC829D /* Cocoa.framework */; };
		FAC69FDC189D636700BC829D /* MCDefs.m in Sources */ = {isa = PBXBuildFile; fileRef = FAC69FDB189D636700BC829D /* MCDefs.m */; settings = {COMPILER_FLAGS = "-fno-objc-arc"; }; };
		FAC69FDD189D636700BC829D /* MCDefs.m in Sources */ = {isa = PBXBuildFile; fileRef = FAC69FDB189D636700BC829D /* MCDefs.m */; };
		FADBC15118CE51C000B9510F /* DTScrollView.m in Sources */ = {isa = PBXBuildFile; fileRef = FADBC15018CE51C000B9510F /* DTScrollView.m */; };
		FADBC15418CE535200B9510F /* MCCapePreviewItem.m in Sources */ = {isa = PBXBuildFile; fileRef = FADBC15318CE535200B9510F /* MCCapePreviewItem.m */; };
		FADF0143198A2C9200006228 /* Sparkle.framework in Frameworks */ = {isa = PBXBuildFile; fileRef = FADF013A198A2C7500006228 /* Sparkle.framework */; };
		FADF0147198A2CAD00006228 /* Sparkle.framework in Copy Frameworks */ = {isa = PBXBuildFile; fileRef = FADF013A198A2C7500006228 /* Sparkle.framework */; settings = {ATTRIBUTES = (CodeSignOnCopy, ); }; };
		FAE5D56C1952700B007620DE /* MCDefs.m in Sources */ = {isa = PBXBuildFile; fileRef = FAC69FDB189D636700BC829D /* MCDefs.m */; };
		FAE5D56D1952700B007620DE /* MCPrefs.m in Sources */ = {isa = PBXBuildFile; fileRef = FA35983E189DA3BC00288163 /* MCPrefs.m */; };
		FAE5D5701952700B007620DE /* apply.m in Sources */ = {isa = PBXBuildFile; fileRef = FA8FF770189D66D800750E51 /* apply.m */; };
		FAE5D5721952700B007620DE /* listen.m in Sources */ = {isa = PBXBuildFile; fileRef = FA359851189E035900288163 /* listen.m */; };
		FAE5D57619527245007620DE /* main.m in Sources */ = {isa = PBXBuildFile; fileRef = FAE5D57519527245007620DE /* main.m */; };
		FAE5D578195272DD007620DE /* scale.m in Sources */ = {isa = PBXBuildFile; fileRef = FAAEF956189F4ED300145DF8 /* scale.m */; };
		FAE5D57B195272F7007620DE /* backup.m in Sources */ = {isa = PBXBuildFile; fileRef = FA8FF76D189D66CB00750E51 /* backup.m */; };
		FAE5D57C195272FE007620DE /* restore.m in Sources */ = {isa = PBXBuildFile; fileRef = FA8FF76A189D664400750E51 /* restore.m */; };
		FAE5D57E19527359007620DE /* mousecloak in Copy Tool */ = {isa = PBXBuildFile; fileRef = FAC69FAD189D608900BC829D /* mousecloak */; settings = {ATTRIBUTES = (CodeSignOnCopy, ); }; };
		FAE5D580195273B5007620DE /* com.alexzielenski.mousecloakhelper.app in Copy Helper */ = {isa = PBXBuildFile; fileRef = FAE5D54919526F82007620DE /* com.alexzielenski.mousecloakhelper.app */; };
		FAEE652918A047E8003AA182 /* NSFileManager+DirectoryLocations.m in Sources */ = {isa = PBXBuildFile; fileRef = FAEE650A18A047E8003AA182 /* NSFileManager+DirectoryLocations.m */; };
		FAEE652A18A047E8003AA182 /* NSOrderedSet+AZSortedInsert.m in Sources */ = {isa = PBXBuildFile; fileRef = FAEE650C18A047E8003AA182 /* NSOrderedSet+AZSortedInsert.m */; settings = {COMPILER_FLAGS = "-fno-objc-arc"; }; };
		FAEE652B18A047E8003AA182 /* MCEditCapeController.m in Sources */ = {isa = PBXBuildFile; fileRef = FAEE650F18A047E8003AA182 /* MCEditCapeController.m */; };
		FAEE652C18A047E8003AA182 /* MCEditDetailController.m in Sources */ = {isa = PBXBuildFile; fileRef = FAEE651118A047E8003AA182 /* MCEditDetailController.m */; };
		FAEE652D18A047E8003AA182 /* MCEditListController.m in Sources */ = {isa = PBXBuildFile; fileRef = FAEE651318A047E8003AA182 /* MCEditListController.m */; };
		FAEE652E18A047E8003AA182 /* MCEditWindowController.m in Sources */ = {isa = PBXBuildFile; fileRef = FAEE651518A047E8003AA182 /* MCEditWindowController.m */; };
		FAEE652F18A047E8003AA182 /* MCLibraryController.m in Sources */ = {isa = PBXBuildFile; fileRef = FAEE651718A047E8003AA182 /* MCLibraryController.m */; };
		FAEE653018A047E8003AA182 /* MCLibraryViewController.m in Sources */ = {isa = PBXBuildFile; fileRef = FAEE651918A047E8003AA182 /* MCLibraryViewController.m */; };
		FAEE653118A047E8003AA182 /* MCLibraryWindowController.m in Sources */ = {isa = PBXBuildFile; fileRef = FAEE651B18A047E8003AA182 /* MCLibraryWindowController.m */; };
		FAEE653218A047E8003AA182 /* MCCursor.m in Sources */ = {isa = PBXBuildFile; fileRef = FAEE651E18A047E8003AA182 /* MCCursor.m */; };
		FAEE653318A047E8003AA182 /* MCCursorLibrary.m in Sources */ = {isa = PBXBuildFile; fileRef = FAEE652018A047E8003AA182 /* MCCursorLibrary.m */; };
		FAEE653418A047E8003AA182 /* MCFormatters.m in Sources */ = {isa = PBXBuildFile; fileRef = FAEE652318A047E8003AA182 /* MCFormatters.m */; };
		FAEE653518A047E8003AA182 /* MCCapeCellView.m in Sources */ = {isa = PBXBuildFile; fileRef = FAEE652618A047E8003AA182 /* MCCapeCellView.m */; };
		FAEE653618A047E8003AA182 /* MMAnimatingImageView.m in Sources */ = {isa = PBXBuildFile; fileRef = FAEE652818A047E8003AA182 /* MMAnimatingImageView.m */; };
		FAEE653918A048EA003AA182 /* MCSpriteLayer.m in Sources */ = {isa = PBXBuildFile; fileRef = FAEE653818A048EA003AA182 /* MCSpriteLayer.m */; };
/* End PBXBuildFile section */

/* Begin PBXContainerItemProxy section */
		FA359846189DBEB700288163 /* PBXContainerItemProxy */ = {
			isa = PBXContainerItemProxy;
			containerPortal = FAC69F59189D603C00BC829D /* Project object */;
			proxyType = 1;
			remoteGlobalIDString = FAC69FAC189D608900BC829D;
			remoteInfo = mousecloak;
		};
		FADF0139198A2C7500006228 /* PBXContainerItemProxy */ = {
			isa = PBXContainerItemProxy;
			containerPortal = FADF012E198A2C7400006228 /* Sparkle.xcodeproj */;
			proxyType = 2;
			remoteGlobalIDString = 8DC2EF5B0486A6940098B216;
			remoteInfo = Sparkle;
		};
		FADF013B198A2C7500006228 /* PBXContainerItemProxy */ = {
			isa = PBXContainerItemProxy;
			containerPortal = FADF012E198A2C7400006228 /* Sparkle.xcodeproj */;
			proxyType = 2;
			remoteGlobalIDString = 61B5F90209C4CEE200B25A18;
			remoteInfo = "Sparkle Test App";
		};
		FADF013D198A2C7500006228 /* PBXContainerItemProxy */ = {
			isa = PBXContainerItemProxy;
			containerPortal = FADF012E198A2C7400006228 /* Sparkle.xcodeproj */;
			proxyType = 2;
			remoteGlobalIDString = 612279D90DB5470200AB99EA;
			remoteInfo = "Sparkle Unit Tests";
		};
		FADF013F198A2C7500006228 /* PBXContainerItemProxy */ = {
			isa = PBXContainerItemProxy;
			containerPortal = FADF012E198A2C7400006228 /* Sparkle.xcodeproj */;
			proxyType = 2;
			remoteGlobalIDString = 5D06E8D00FD68C7C005AE3F6;
			remoteInfo = BinaryDelta;
		};
		FADF0141198A2C7500006228 /* PBXContainerItemProxy */ = {
			isa = PBXContainerItemProxy;
			containerPortal = FADF012E198A2C7400006228 /* Sparkle.xcodeproj */;
			proxyType = 2;
			remoteGlobalIDString = 55C14BB7136EEF1500649790;
			remoteInfo = Autoupdate;
		};
		FADF0144198A2CA100006228 /* PBXContainerItemProxy */ = {
			isa = PBXContainerItemProxy;
			containerPortal = FADF012E198A2C7400006228 /* Sparkle.xcodeproj */;
			proxyType = 1;
			remoteGlobalIDString = 8DC2EF4F0486A6940098B216;
			remoteInfo = Sparkle;
		};
/* End PBXContainerItemProxy section */

/* Begin PBXCopyFilesBuildPhase section */
		FAC69FAB189D608900BC829D /* CopyFiles */ = {
			isa = PBXCopyFilesBuildPhase;
			buildActionMask = 2147483647;
			dstPath = /usr/share/man/man1/;
			dstSubfolderSpec = 0;
			files = (
				FAC69FB5189D608900BC829D /* mousecloak.1 in CopyFiles */,
			);
			runOnlyForDeploymentPostprocessing = 1;
		};
		FADF0146198A2CA600006228 /* Copy Frameworks */ = {
			isa = PBXCopyFilesBuildPhase;
			buildActionMask = 2147483647;
			dstPath = "";
			dstSubfolderSpec = 10;
			files = (
				FADF0147198A2CAD00006228 /* Sparkle.framework in Copy Frameworks */,
			);
			name = "Copy Frameworks";
			runOnlyForDeploymentPostprocessing = 0;
		};
		FAE5D57D1952734F007620DE /* Copy Tool */ = {
			isa = PBXCopyFilesBuildPhase;
			buildActionMask = 2147483647;
			dstPath = "";
			dstSubfolderSpec = 6;
			files = (
				FAE5D57E19527359007620DE /* mousecloak in Copy Tool */,
			);
			name = "Copy Tool";
			runOnlyForDeploymentPostprocessing = 0;
		};
		FAE5D57F1952737F007620DE /* Copy Helper */ = {
			isa = PBXCopyFilesBuildPhase;
			buildActionMask = 2147483647;
			dstPath = Contents/Library/LoginItems;
			dstSubfolderSpec = 1;
			files = (
				FAE5D580195273B5007620DE /* com.alexzielenski.mousecloakhelper.app in Copy Helper */,
			);
			name = "Copy Helper";
			runOnlyForDeploymentPostprocessing = 0;
		};
/* End PBXCopyFilesBuildPhase section */

/* Begin PBXFileReference section */
		FA048869189F58B1001F3AB5 /* Base */ = {isa = PBXFileReference; lastKnownFileType = file.xib; name = Base; path = Base.lproj/Edit.xib; sourceTree = "<group>"; };
		FA04886B189F58B1001F3AB5 /* Base */ = {isa = PBXFileReference; lastKnownFileType = file.xib; name = Base; path = Base.lproj/Library.xib; sourceTree = "<group>"; };
		FA14DE8918CE596B00A73BF4 /* RBLClipView.h */ = {isa = PBXFileReference; fileEncoding = 4; lastKnownFileType = sourcecode.c.h; path = RBLClipView.h; sourceTree = "<group>"; };
		FA14DE8A18CE596B00A73BF4 /* RBLClipView.m */ = {isa = PBXFileReference; fileEncoding = 4; lastKnownFileType = sourcecode.c.objc; path = RBLClipView.m; sourceTree = "<group>"; };
		FA14DE8B18CE596B00A73BF4 /* RBLScrollView.h */ = {isa = PBXFileReference; fileEncoding = 4; lastKnownFileType = sourcecode.c.h; path = RBLScrollView.h; sourceTree = "<group>"; };
		FA14DE8C18CE596B00A73BF4 /* RBLScrollView.m */ = {isa = PBXFileReference; fileEncoding = 4; lastKnownFileType = sourcecode.c.objc; path = RBLScrollView.m; sourceTree = "<group>"; };
		FA14DE8F18CE59A600A73BF4 /* NSColor+RBLCGColorAdditions.h */ = {isa = PBXFileReference; fileEncoding = 4; lastKnownFileType = sourcecode.c.h; path = "NSColor+RBLCGColorAdditions.h"; sourceTree = "<group>"; };
		FA14DE9018CE59A600A73BF4 /* NSColor+RBLCGColorAdditions.m */ = {isa = PBXFileReference; fileEncoding = 4; lastKnownFileType = sourcecode.c.objc; path = "NSColor+RBLCGColorAdditions.m"; sourceTree = "<group>"; };
		FA1DC01719527A56009E879C /* CoreGraphics.framework */ = {isa = PBXFileReference; lastKnownFileType = wrapper.framework; name = CoreGraphics.framework; path = System/Library/Frameworks/CoreGraphics.framework; sourceTree = SDKROOT; };
		FA254779189D85890038E1D9 /* ApplicationServices.framework */ = {isa = PBXFileReference; lastKnownFileType = wrapper.framework; name = ApplicationServices.framework; path = System/Library/Frameworks/ApplicationServices.framework; sourceTree = SDKROOT; };
		FA35983D189DA3BC00288163 /* MCPrefs.h */ = {isa = PBXFileReference; fileEncoding = 4; lastKnownFileType = sourcecode.c.h; path = MCPrefs.h; sourceTree = "<group>"; };
		FA35983E189DA3BC00288163 /* MCPrefs.m */ = {isa = PBXFileReference; fileEncoding = 4; lastKnownFileType = sourcecode.c.objc; path = MCPrefs.m; sourceTree = "<group>"; };
		FA359844189DBA3800288163 /* SystemConfiguration.framework */ = {isa = PBXFileReference; lastKnownFileType = wrapper.framework; name = SystemConfiguration.framework; path = System/Library/Frameworks/SystemConfiguration.framework; sourceTree = SDKROOT; };
		FA359848189DC40100288163 /* Security.framework */ = {isa = PBXFileReference; lastKnownFileType = wrapper.framework; name = Security.framework; path = System/Library/Frameworks/Security.framework; sourceTree = SDKROOT; };
		FA35984C189DC55A00288163 /* ServiceManagement.framework */ = {isa = PBXFileReference; lastKnownFileType = wrapper.framework; name = ServiceManagement.framework; path = System/Library/Frameworks/ServiceManagement.framework; sourceTree = SDKROOT; };
		FA359850189E035200288163 /* listen.h */ = {isa = PBXFileReference; lastKnownFileType = sourcecode.c.h; path = listen.h; sourceTree = "<group>"; };
		FA359851189E035900288163 /* listen.m */ = {isa = PBXFileReference; fileEncoding = 4; lastKnownFileType = sourcecode.c.objc; path = listen.m; sourceTree = "<group>"; };
		FA5107E018A823BD00917185 /* MASPreferencesViewController.h */ = {isa = PBXFileReference; fileEncoding = 4; lastKnownFileType = sourcecode.c.h; path = MASPreferencesViewController.h; sourceTree = "<group>"; };
		FA5107E118A823BD00917185 /* MASPreferencesWindow.xib */ = {isa = PBXFileReference; fileEncoding = 4; lastKnownFileType = file.xib; path = MASPreferencesWindow.xib; sourceTree = "<group>"; };
		FA5107E218A823BD00917185 /* MASPreferencesWindowController.h */ = {isa = PBXFileReference; fileEncoding = 4; lastKnownFileType = sourcecode.c.h; path = MASPreferencesWindowController.h; sourceTree = "<group>"; };
		FA5107E318A823BD00917185 /* MASPreferencesWindowController.m */ = {isa = PBXFileReference; fileEncoding = 4; lastKnownFileType = sourcecode.c.objc; path = MASPreferencesWindowController.m; sourceTree = "<group>"; };
		FA5107EA18A8253600917185 /* MCGeneralPreferencesController.h */ = {isa = PBXFileReference; fileEncoding = 4; lastKnownFileType = sourcecode.c.h; name = MCGeneralPreferencesController.h; path = Preferences/MCGeneralPreferencesController.h; sourceTree = "<group>"; };
		FA5107EB18A8253600917185 /* MCGeneralPreferencesController.m */ = {isa = PBXFileReference; fileEncoding = 4; lastKnownFileType = sourcecode.c.objc; name = MCGeneralPreferencesController.m; path = Preferences/MCGeneralPreferencesController.m; sourceTree = "<group>"; };
		FA5107EC18A8253600917185 /* GeneralPreferences.xib */ = {isa = PBXFileReference; fileEncoding = 4; lastKnownFileType = file.xib; name = GeneralPreferences.xib; path = Preferences/GeneralPreferences.xib; sourceTree = "<group>"; };
		FA7582B7193D377300CE223C /* ApplicationServices.framework */ = {isa = PBXFileReference; lastKnownFileType = wrapper.framework; name = ApplicationServices.framework; path = ../../../../../../../../../System/Library/Frameworks/ApplicationServices.framework; sourceTree = "<group>"; };
		FA8FF769189D663B00750E51 /* restore.h */ = {isa = PBXFileReference; lastKnownFileType = sourcecode.c.h; path = restore.h; sourceTree = "<group>"; };
		FA8FF76A189D664400750E51 /* restore.m */ = {isa = PBXFileReference; fileEncoding = 4; lastKnownFileType = sourcecode.c.objc; path = restore.m; sourceTree = "<group>"; };
		FA8FF76C189D66C400750E51 /* backup.h */ = {isa = PBXFileReference; lastKnownFileType = sourcecode.c.h; path = backup.h; sourceTree = "<group>"; };
		FA8FF76D189D66CB00750E51 /* backup.m */ = {isa = PBXFileReference; fileEncoding = 4; lastKnownFileType = sourcecode.c.objc; path = backup.m; sourceTree = "<group>"; };
		FA8FF76F189D66D100750E51 /* apply.h */ = {isa = PBXFileReference; lastKnownFileType = sourcecode.c.h; path = apply.h; sourceTree = "<group>"; };
		FA8FF770189D66D800750E51 /* apply.m */ = {isa = PBXFileReference; fileEncoding = 4; lastKnownFileType = sourcecode.c.objc; path = apply.m; sourceTree = "<group>"; };
		FA8FF772189D67AA00750E51 /* create.h */ = {isa = PBXFileReference; lastKnownFileType = sourcecode.c.h; path = create.h; sourceTree = "<group>"; };
		FA8FF773189D67B100750E51 /* create.m */ = {isa = PBXFileReference; fileEncoding = 4; lastKnownFileType = sourcecode.c.objc; path = create.m; sourceTree = "<group>"; };
		FAAEF8F0189EB32700145DF8 /* BTRClipView.h */ = {isa = PBXFileReference; fileEncoding = 4; lastKnownFileType = sourcecode.c.h; path = BTRClipView.h; sourceTree = "<group>"; };
		FAAEF8F1189EB32700145DF8 /* BTRClipView.m */ = {isa = PBXFileReference; fileEncoding = 4; lastKnownFileType = sourcecode.c.objc; path = BTRClipView.m; sourceTree = "<group>"; };
		FAAEF8F2189EB32700145DF8 /* BTRScrollView.h */ = {isa = PBXFileReference; fileEncoding = 4; lastKnownFileType = sourcecode.c.h; path = BTRScrollView.h; sourceTree = "<group>"; };
		FAAEF8F3189EB32700145DF8 /* BTRScrollView.m */ = {isa = PBXFileReference; fileEncoding = 4; lastKnownFileType = sourcecode.c.objc; path = BTRScrollView.m; sourceTree = "<group>"; };
		FAAEF8F6189EB34700145DF8 /* QuartzCore.framework */ = {isa = PBXFileReference; lastKnownFileType = wrapper.framework; name = QuartzCore.framework; path = System/Library/Frameworks/QuartzCore.framework; sourceTree = SDKROOT; };
		FAAEF955189F4ECC00145DF8 /* scale.h */ = {isa = PBXFileReference; lastKnownFileType = sourcecode.c.h; path = scale.h; sourceTree = "<group>"; };
		FAAEF956189F4ED300145DF8 /* scale.m */ = {isa = PBXFileReference; fileEncoding = 4; lastKnownFileType = sourcecode.c.objc; path = scale.m; sourceTree = "<group>"; };
		FABA44D221D9D7D0009B10D9 /* NSBitmapImageRep+ColorSpace.h */ = {isa = PBXFileReference; lastKnownFileType = sourcecode.c.h; path = "NSBitmapImageRep+ColorSpace.h"; sourceTree = "<group>"; };
		FABA44D321D9D7D0009B10D9 /* NSBitmapImageRep+ColorSpace.m */ = {isa = PBXFileReference; lastKnownFileType = sourcecode.c.objc; path = "NSBitmapImageRep+ColorSpace.m"; sourceTree = "<group>"; };
		FAC69F61189D603C00BC829D /* Mousecape.app */ = {isa = PBXFileReference; explicitFileType = wrapper.application; includeInIndex = 0; path = Mousecape.app; sourceTree = BUILT_PRODUCTS_DIR; };
		FAC69F64189D603C00BC829D /* Cocoa.framework */ = {isa = PBXFileReference; lastKnownFileType = wrapper.framework; name = Cocoa.framework; path = System/Library/Frameworks/Cocoa.framework; sourceTree = SDKROOT; };
		FAC69F67189D603C00BC829D /* AppKit.framework */ = {isa = PBXFileReference; lastKnownFileType = wrapper.framework; name = AppKit.framework; path = System/Library/Frameworks/AppKit.framework; sourceTree = SDKROOT; };
		FAC69F68189D603C00BC829D /* CoreData.framework */ = {isa = PBXFileReference; lastKnownFileType = wrapper.framework; name = CoreData.framework; path = System/Library/Frameworks/CoreData.framework; sourceTree = SDKROOT; };
		FAC69F69189D603C00BC829D /* Foundation.framework */ = {isa = PBXFileReference; lastKnownFileType = wrapper.framework; name = Foundation.framework; path = System/Library/Frameworks/Foundation.framework; sourceTree = SDKROOT; };
		FAC69F6C189D603C00BC829D /* Mousecape-Info.plist */ = {isa = PBXFileReference; lastKnownFileType = text.plist.xml; path = "Mousecape-Info.plist"; sourceTree = "<group>"; };
		FAC69F6E189D603C00BC829D /* en */ = {isa = PBXFileReference; lastKnownFileType = text.plist.strings; name = en; path = en.lproj/InfoPlist.strings; sourceTree = "<group>"; };
		FAC69F70189D603C00BC829D /* main.m */ = {isa = PBXFileReference; lastKnownFileType = sourcecode.c.objc; path = main.m; sourceTree = "<group>"; };
		FAC69F72189D603C00BC829D /* Mousecape-Prefix.pch */ = {isa = PBXFileReference; lastKnownFileType = sourcecode.c.h; path = "Mousecape-Prefix.pch"; sourceTree = "<group>"; };
		FAC69F74189D603C00BC829D /* en */ = {isa = PBXFileReference; lastKnownFileType = text.rtf; name = en; path = en.lproj/Credits.rtf; sourceTree = "<group>"; };
		FAC69F76189D603C00BC829D /* MCAppDelegate.h */ = {isa = PBXFileReference; lastKnownFileType = sourcecode.c.h; path = MCAppDelegate.h; sourceTree = "<group>"; };
		FAC69F77189D603C00BC829D /* MCAppDelegate.m */ = {isa = PBXFileReference; lastKnownFileType = sourcecode.c.objc; path = MCAppDelegate.m; sourceTree = "<group>"; };
		FAC69F7A189D603C00BC829D /* Base */ = {isa = PBXFileReference; lastKnownFileType = file.xib; name = Base; path = Base.lproj/MainMenu.xib; sourceTree = "<group>"; };
		FAC69F7C189D603C00BC829D /* Images.xcassets */ = {isa = PBXFileReference; lastKnownFileType = folder.assetcatalog; path = Images.xcassets; sourceTree = "<group>"; };
		FAC69F83189D603C00BC829D /* XCTest.framework */ = {isa = PBXFileReference; lastKnownFileType = wrapper.framework; name = XCTest.framework; path = Library/Frameworks/XCTest.framework; sourceTree = DEVELOPER_DIR; };
		FAC69F9D189D605300BC829D /* Foundation.framework */ = {isa = PBXFileReference; lastKnownFileType = wrapper.framework; name = Foundation.framework; path = System/Library/Frameworks/Foundation.framework; sourceTree = SDKROOT; };
		FAC69FAD189D608900BC829D /* mousecloak */ = {isa = PBXFileReference; explicitFileType = "compiled.mach-o.executable"; includeInIndex = 0; path = mousecloak; sourceTree = BUILT_PRODUCTS_DIR; };
		FAC69FB0189D608900BC829D /* main.m */ = {isa = PBXFileReference; lastKnownFileType = sourcecode.c.objc; path = main.m; sourceTree = "<group>"; };
		FAC69FB3189D608900BC829D /* mousecloak-Prefix.pch */ = {isa = PBXFileReference; lastKnownFileType = sourcecode.c.h; path = "mousecloak-Prefix.pch"; sourceTree = "<group>"; };
		FAC69FB4189D608900BC829D /* mousecloak.1 */ = {isa = PBXFileReference; lastKnownFileType = text.man; path = mousecloak.1; sourceTree = "<group>"; };
		FAC69FBA189D609B00BC829D /* CarbonHelpers.h */ = {isa = PBXFileReference; fileEncoding = 4; lastKnownFileType = sourcecode.c.h; path = CarbonHelpers.h; sourceTree = "<group>"; };
		FAC69FBB189D609B00BC829D /* CGSAccessibility.h */ = {isa = PBXFileReference; fileEncoding = 4; lastKnownFileType = sourcecode.c.h; path = CGSAccessibility.h; sourceTree = "<group>"; };
		FAC69FBC189D609B00BC829D /* CGSCIFilter.h */ = {isa = PBXFileReference; fileEncoding = 4; lastKnownFileType = sourcecode.c.h; path = CGSCIFilter.h; sourceTree = "<group>"; };
		FAC69FBD189D609B00BC829D /* CGSConnection.h */ = {isa = PBXFileReference; fileEncoding = 4; lastKnownFileType = sourcecode.c.h; path = CGSConnection.h; sourceTree = "<group>"; };
		FAC69FBE189D609B00BC829D /* CGSCursor.h */ = {isa = PBXFileReference; fileEncoding = 4; lastKnownFileType = sourcecode.c.h; path = CGSCursor.h; sourceTree = "<group>"; };
		FAC69FBF189D609B00BC829D /* CGSDebug.h */ = {isa = PBXFileReference; fileEncoding = 4; lastKnownFileType = sourcecode.c.h; path = CGSDebug.h; sourceTree = "<group>"; };
		FAC69FC0189D609B00BC829D /* CGSDisplays.h */ = {isa = PBXFileReference; fileEncoding = 4; lastKnownFileType = sourcecode.c.h; path = CGSDisplays.h; sourceTree = "<group>"; };
		FAC69FC1189D609B00BC829D /* CGSHotKeys.h */ = {isa = PBXFileReference; fileEncoding = 4; lastKnownFileType = sourcecode.c.h; path = CGSHotKeys.h; sourceTree = "<group>"; };
		FAC69FC2189D609B00BC829D /* CGSInternal.h */ = {isa = PBXFileReference; fileEncoding = 4; lastKnownFileType = sourcecode.c.h; path = CGSInternal.h; sourceTree = "<group>"; };
		FAC69FC3189D609B00BC829D /* CGSMisc.h */ = {isa = PBXFileReference; fileEncoding = 4; lastKnownFileType = sourcecode.c.h; path = CGSMisc.h; sourceTree = "<group>"; };
		FAC69FC4189D609B00BC829D /* CGSNotifications.h */ = {isa = PBXFileReference; fileEncoding = 4; lastKnownFileType = sourcecode.c.h; path = CGSNotifications.h; sourceTree = "<group>"; };
		FAC69FC5189D609B00BC829D /* CGSRegion.h */ = {isa = PBXFileReference; fileEncoding = 4; lastKnownFileType = sourcecode.c.h; path = CGSRegion.h; sourceTree = "<group>"; };
		FAC69FC6189D609B00BC829D /* CGSSession.h */ = {isa = PBXFileReference; fileEncoding = 4; lastKnownFileType = sourcecode.c.h; path = CGSSession.h; sourceTree = "<group>"; };
		FAC69FC7189D609B00BC829D /* CGSTransitions.h */ = {isa = PBXFileReference; fileEncoding = 4; lastKnownFileType = sourcecode.c.h; path = CGSTransitions.h; sourceTree = "<group>"; };
		FAC69FC8189D609B00BC829D /* CGSWindow.h */ = {isa = PBXFileReference; fileEncoding = 4; lastKnownFileType = sourcecode.c.h; path = CGSWindow.h; sourceTree = "<group>"; };
		FAC69FC9189D609B00BC829D /* CGSWorkspace.h */ = {isa = PBXFileReference; fileEncoding = 4; lastKnownFileType = sourcecode.c.h; path = CGSWorkspace.h; sourceTree = "<group>"; };
		FAC69FCA189D609B00BC829D /* MCDefs.h */ = {isa = PBXFileReference; fileEncoding = 4; lastKnownFileType = sourcecode.c.h; path = MCDefs.h; sourceTree = "<group>"; };
		FAC69FCB189D609B00BC829D /* NSCursor_Private.h */ = {isa = PBXFileReference; fileEncoding = 4; lastKnownFileType = sourcecode.c.h; path = NSCursor_Private.h; sourceTree = "<group>"; };
		FAC69FCE189D609B00BC829D /* GBCommandLineParser.h */ = {isa = PBXFileReference; fileEncoding = 4; lastKnownFileType = sourcecode.c.h; path = GBCommandLineParser.h; sourceTree = "<group>"; };
		FAC69FCF189D609B00BC829D /* GBCommandLineParser.m */ = {isa = PBXFileReference; fileEncoding = 4; lastKnownFileType = sourcecode.c.objc; path = GBCommandLineParser.m; sourceTree = "<group>"; };
		FAC69FD0189D609B00BC829D /* GBOptionsHelper.h */ = {isa = PBXFileReference; fileEncoding = 4; lastKnownFileType = sourcecode.c.h; path = GBOptionsHelper.h; sourceTree = "<group>"; };
		FAC69FD1189D609B00BC829D /* GBOptionsHelper.m */ = {isa = PBXFileReference; fileEncoding = 4; lastKnownFileType = sourcecode.c.objc; path = GBOptionsHelper.m; sourceTree = "<group>"; };
		FAC69FD2189D609B00BC829D /* GBSettings.h */ = {isa = PBXFileReference; fileEncoding = 4; lastKnownFileType = sourcecode.c.h; path = GBSettings.h; sourceTree = "<group>"; };
		FAC69FD3189D609B00BC829D /* GBSettings.m */ = {isa = PBXFileReference; fileEncoding = 4; lastKnownFileType = sourcecode.c.objc; path = GBSettings.m; sourceTree = "<group>"; };
		FAC69FD7189D623C00BC829D /* Mousecape-Prefix.pch */ = {isa = PBXFileReference; lastKnownFileType = sourcecode.c.h; path = "Mousecape-Prefix.pch"; sourceTree = "<group>"; };
		FAC69FDB189D636700BC829D /* MCDefs.m */ = {isa = PBXFileReference; fileEncoding = 4; lastKnownFileType = sourcecode.c.objc; path = MCDefs.m; sourceTree = "<group>"; };
		FADBC14F18CE51C000B9510F /* DTScrollView.h */ = {isa = PBXFileReference; fileEncoding = 4; lastKnownFileType = sourcecode.c.h; path = DTScrollView.h; sourceTree = "<group>"; };
		FADBC15018CE51C000B9510F /* DTScrollView.m */ = {isa = PBXFileReference; fileEncoding = 4; lastKnownFileType = sourcecode.c.objc; path = DTScrollView.m; sourceTree = "<group>"; };
		FADBC15218CE535200B9510F /* MCCapePreviewItem.h */ = {isa = PBXFileReference; fileEncoding = 4; lastKnownFileType = sourcecode.c.h; path = MCCapePreviewItem.h; sourceTree = "<group>"; };
		FADBC15318CE535200B9510F /* MCCapePreviewItem.m */ = {isa = PBXFileReference; fileEncoding = 4; lastKnownFileType = sourcecode.c.objc; path = MCCapePreviewItem.m; sourceTree = "<group>"; };
		FADF012E198A2C7400006228 /* Sparkle.xcodeproj */ = {isa = PBXFileReference; lastKnownFileType = "wrapper.pb-project"; name = Sparkle.xcodeproj; path = Sparkle/Sparkle.xcodeproj; sourceTree = "<group>"; };
		FAE5D54919526F82007620DE /* com.alexzielenski.mousecloakhelper.app */ = {isa = PBXFileReference; explicitFileType = wrapper.application; includeInIndex = 0; path = com.alexzielenski.mousecloakhelper.app; sourceTree = BUILT_PRODUCTS_DIR; };
		FAE5D54C19526F82007620DE /* Info.plist */ = {isa = PBXFileReference; lastKnownFileType = text.plist.xml; path = Info.plist; sourceTree = "<group>"; };
		FAE5D57519527245007620DE /* main.m */ = {isa = PBXFileReference; fileEncoding = 4; lastKnownFileType = sourcecode.c.objc; path = main.m; sourceTree = "<group>"; };
		FAEE650918A047E8003AA182 /* NSFileManager+DirectoryLocations.h */ = {isa = PBXFileReference; fileEncoding = 4; lastKnownFileType = sourcecode.c.h; path = "NSFileManager+DirectoryLocations.h"; sourceTree = "<group>"; };
		FAEE650A18A047E8003AA182 /* NSFileManager+DirectoryLocations.m */ = {isa = PBXFileReference; fileEncoding = 4; lastKnownFileType = sourcecode.c.objc; path = "NSFileManager+DirectoryLocations.m"; sourceTree = "<group>"; };
		FAEE650B18A047E8003AA182 /* NSOrderedSet+AZSortedInsert.h */ = {isa = PBXFileReference; fileEncoding = 4; lastKnownFileType = sourcecode.c.h; path = "NSOrderedSet+AZSortedInsert.h"; sourceTree = "<group>"; };
		FAEE650C18A047E8003AA182 /* NSOrderedSet+AZSortedInsert.m */ = {isa = PBXFileReference; fileEncoding = 4; lastKnownFileType = sourcecode.c.objc; path = "NSOrderedSet+AZSortedInsert.m"; sourceTree = "<group>"; };
		FAEE650E18A047E8003AA182 /* MCEditCapeController.h */ = {isa = PBXFileReference; fileEncoding = 4; lastKnownFileType = sourcecode.c.h; path = MCEditCapeController.h; sourceTree = "<group>"; };
		FAEE650F18A047E8003AA182 /* MCEditCapeController.m */ = {isa = PBXFileReference; fileEncoding = 4; lastKnownFileType = sourcecode.c.objc; path = MCEditCapeController.m; sourceTree = "<group>"; };
		FAEE651018A047E8003AA182 /* MCEditDetailController.h */ = {isa = PBXFileReference; fileEncoding = 4; lastKnownFileType = sourcecode.c.h; path = MCEditDetailController.h; sourceTree = "<group>"; };
		FAEE651118A047E8003AA182 /* MCEditDetailController.m */ = {isa = PBXFileReference; fileEncoding = 4; lastKnownFileType = sourcecode.c.objc; path = MCEditDetailController.m; sourceTree = "<group>"; };
		FAEE651218A047E8003AA182 /* MCEditListController.h */ = {isa = PBXFileReference; fileEncoding = 4; lastKnownFileType = sourcecode.c.h; path = MCEditListController.h; sourceTree = "<group>"; };
		FAEE651318A047E8003AA182 /* MCEditListController.m */ = {isa = PBXFileReference; fileEncoding = 4; lastKnownFileType = sourcecode.c.objc; path = MCEditListController.m; sourceTree = "<group>"; };
		FAEE651418A047E8003AA182 /* MCEditWindowController.h */ = {isa = PBXFileReference; fileEncoding = 4; lastKnownFileType = sourcecode.c.h; path = MCEditWindowController.h; sourceTree = "<group>"; };
		FAEE651518A047E8003AA182 /* MCEditWindowController.m */ = {isa = PBXFileReference; fileEncoding = 4; lastKnownFileType = sourcecode.c.objc; path = MCEditWindowController.m; sourceTree = "<group>"; };
		FAEE651618A047E8003AA182 /* MCLibraryController.h */ = {isa = PBXFileReference; fileEncoding = 4; lastKnownFileType = sourcecode.c.h; path = MCLibraryController.h; sourceTree = "<group>"; };
		FAEE651718A047E8003AA182 /* MCLibraryController.m */ = {isa = PBXFileReference; fileEncoding = 4; lastKnownFileType = sourcecode.c.objc; path = MCLibraryController.m; sourceTree = "<group>"; };
		FAEE651818A047E8003AA182 /* MCLibraryViewController.h */ = {isa = PBXFileReference; fileEncoding = 4; lastKnownFileType = sourcecode.c.h; path = MCLibraryViewController.h; sourceTree = "<group>"; };
		FAEE651918A047E8003AA182 /* MCLibraryViewController.m */ = {isa = PBXFileReference; fileEncoding = 4; lastKnownFileType = sourcecode.c.objc; path = MCLibraryViewController.m; sourceTree = "<group>"; };
		FAEE651A18A047E8003AA182 /* MCLibraryWindowController.h */ = {isa = PBXFileReference; fileEncoding = 4; lastKnownFileType = sourcecode.c.h; path = MCLibraryWindowController.h; sourceTree = "<group>"; };
		FAEE651B18A047E8003AA182 /* MCLibraryWindowController.m */ = {isa = PBXFileReference; fileEncoding = 4; lastKnownFileType = sourcecode.c.objc; path = MCLibraryWindowController.m; sourceTree = "<group>"; };
		FAEE651D18A047E8003AA182 /* MCCursor.h */ = {isa = PBXFileReference; fileEncoding = 4; lastKnownFileType = sourcecode.c.h; path = MCCursor.h; sourceTree = "<group>"; };
		FAEE651E18A047E8003AA182 /* MCCursor.m */ = {isa = PBXFileReference; fileEncoding = 4; lastKnownFileType = sourcecode.c.objc; path = MCCursor.m; sourceTree = "<group>"; };
		FAEE651F18A047E8003AA182 /* MCCursorLibrary.h */ = {isa = PBXFileReference; fileEncoding = 4; lastKnownFileType = sourcecode.c.h; path = MCCursorLibrary.h; sourceTree = "<group>"; };
		FAEE652018A047E8003AA182 /* MCCursorLibrary.m */ = {isa = PBXFileReference; fileEncoding = 4; lastKnownFileType = sourcecode.c.objc; path = MCCursorLibrary.m; sourceTree = "<group>"; };
		FAEE652218A047E8003AA182 /* MCFormatters.h */ = {isa = PBXFileReference; fileEncoding = 4; lastKnownFileType = sourcecode.c.h; path = MCFormatters.h; sourceTree = "<group>"; };
		FAEE652318A047E8003AA182 /* MCFormatters.m */ = {isa = PBXFileReference; fileEncoding = 4; lastKnownFileType = sourcecode.c.objc; path = MCFormatters.m; sourceTree = "<group>"; };
		FAEE652518A047E8003AA182 /* MCCapeCellView.h */ = {isa = PBXFileReference; fileEncoding = 4; lastKnownFileType = sourcecode.c.h; path = MCCapeCellView.h; sourceTree = "<group>"; };
		FAEE652618A047E8003AA182 /* MCCapeCellView.m */ = {isa = PBXFileReference; fileEncoding = 4; lastKnownFileType = sourcecode.c.objc; path = MCCapeCellView.m; sourceTree = "<group>"; };
		FAEE652718A047E8003AA182 /* MMAnimatingImageView.h */ = {isa = PBXFileReference; fileEncoding = 4; lastKnownFileType = sourcecode.c.h; path = MMAnimatingImageView.h; sourceTree = "<group>"; };
		FAEE652818A047E8003AA182 /* MMAnimatingImageView.m */ = {isa = PBXFileReference; fileEncoding = 4; lastKnownFileType = sourcecode.c.objc; path = MMAnimatingImageView.m; sourceTree = "<group>"; };
		FAEE653718A048EA003AA182 /* MCSpriteLayer.h */ = {isa = PBXFileReference; fileEncoding = 4; lastKnownFileType = sourcecode.c.h; path = MCSpriteLayer.h; sourceTree = "<group>"; };
		FAEE653818A048EA003AA182 /* MCSpriteLayer.m */ = {isa = PBXFileReference; fileEncoding = 4; lastKnownFileType = sourcecode.c.objc; path = MCSpriteLayer.m; sourceTree = "<group>"; };
/* End PBXFileReference section */

/* Begin PBXFrameworksBuildPhase section */
		FAC69F5E189D603C00BC829D /* Frameworks */ = {
			isa = PBXFrameworksBuildPhase;
			buildActionMask = 2147483647;
			files = (
				FAAEF8F7189EB34700145DF8 /* QuartzCore.framework in Frameworks */,
				FA35984D189DC55A00288163 /* ServiceManagement.framework in Frameworks */,
				FADF0143198A2C9200006228 /* Sparkle.framework in Frameworks */,
				FA359849189DC40100288163 /* Security.framework in Frameworks */,
				FAC69F65189D603C00BC829D /* Cocoa.framework in Frameworks */,
			);
			runOnlyForDeploymentPostprocessing = 0;
		};
		FAC69FAA189D608900BC829D /* Frameworks */ = {
			isa = PBXFrameworksBuildPhase;
			buildActionMask = 2147483647;
			files = (
				FA7582B8193D377300CE223C /* ApplicationServices.framework in Frameworks */,
				FA359853189E040D00288163 /* SystemConfiguration.framework in Frameworks */,
				FAC69FDA189D632B00BC829D /* Cocoa.framework in Frameworks */,
			);
			runOnlyForDeploymentPostprocessing = 0;
		};
		FAE5D54619526F82007620DE /* Frameworks */ = {
			isa = PBXFrameworksBuildPhase;
			buildActionMask = 2147483647;
			files = (
				FA1DC01A19527A79009E879C /* ApplicationServices.framework in Frameworks */,
				FA1DC01919527A73009E879C /* SystemConfiguration.framework in Frameworks */,
			);
			runOnlyForDeploymentPostprocessing = 0;
		};
/* End PBXFrameworksBuildPhase section */

/* Begin PBXGroup section */
		FA14DE8818CE596B00A73BF4 /* Rebel */ = {
			isa = PBXGroup;
			children = (
				FA14DE8918CE596B00A73BF4 /* RBLClipView.h */,
				FA14DE8A18CE596B00A73BF4 /* RBLClipView.m */,
				FA14DE8B18CE596B00A73BF4 /* RBLScrollView.h */,
				FA14DE8C18CE596B00A73BF4 /* RBLScrollView.m */,
				FA14DE8F18CE59A600A73BF4 /* NSColor+RBLCGColorAdditions.h */,
				FA14DE9018CE59A600A73BF4 /* NSColor+RBLCGColorAdditions.m */,
			);
			path = Rebel;
			sourceTree = "<group>";
		};
		FA5107DD18A823BD00917185 /* MASPreferences */ = {
			isa = PBXGroup;
			children = (
				FA5107E018A823BD00917185 /* MASPreferencesViewController.h */,
				FA5107E118A823BD00917185 /* MASPreferencesWindow.xib */,
				FA5107E218A823BD00917185 /* MASPreferencesWindowController.h */,
				FA5107E318A823BD00917185 /* MASPreferencesWindowController.m */,
			);
			path = MASPreferences;
			sourceTree = "<group>";
		};
		FA5107EF18A8253A00917185 /* Preferences */ = {
			isa = PBXGroup;
			children = (
				FA5107EA18A8253600917185 /* MCGeneralPreferencesController.h */,
				FA5107EB18A8253600917185 /* MCGeneralPreferencesController.m */,
				FA5107EC18A8253600917185 /* GeneralPreferences.xib */,
			);
			name = Preferences;
			sourceTree = "<group>";
		};
		FAAEF8EE189EB32700145DF8 /* external */ = {
			isa = PBXGroup;
			children = (
				FADF012E198A2C7400006228 /* Sparkle.xcodeproj */,
				FA14DE8818CE596B00A73BF4 /* Rebel */,
				FADBC14E18CE51C000B9510F /* DTScrollView */,
				FA5107DD18A823BD00917185 /* MASPreferences */,
				FAAEF8EF189EB32700145DF8 /* BTRKit */,
			);
			path = external;
			sourceTree = "<group>";
		};
		FAAEF8EF189EB32700145DF8 /* BTRKit */ = {
			isa = PBXGroup;
			children = (
				FAAEF8F0189EB32700145DF8 /* BTRClipView.h */,
				FAAEF8F1189EB32700145DF8 /* BTRClipView.m */,
				FAAEF8F2189EB32700145DF8 /* BTRScrollView.h */,
				FAAEF8F3189EB32700145DF8 /* BTRScrollView.m */,
			);
			path = BTRKit;
			sourceTree = "<group>";
		};
		FAC69F58189D603C00BC829D = {
			isa = PBXGroup;
			children = (
				FAC69F6A189D603C00BC829D /* Mousecape */,
				FAC69FAF189D608900BC829D /* mousecloak */,
				FAE5D54A19526F82007620DE /* mousecloakHelper */,
				FAC69F63189D603C00BC829D /* Frameworks */,
				FAC69F62189D603C00BC829D /* Products */,
			);
			sourceTree = "<group>";
		};
		FAC69F62189D603C00BC829D /* Products */ = {
			isa = PBXGroup;
			children = (
				FAC69F61189D603C00BC829D /* Mousecape.app */,
				FAC69FAD189D608900BC829D /* mousecloak */,
				FAE5D54919526F82007620DE /* com.alexzielenski.mousecloakhelper.app */,
			);
			name = Products;
			sourceTree = "<group>";
		};
		FAC69F63189D603C00BC829D /* Frameworks */ = {
			isa = PBXGroup;
			children = (
				FA1DC01719527A56009E879C /* CoreGraphics.framework */,
				FA7582B7193D377300CE223C /* ApplicationServices.framework */,
				FAAEF8F6189EB34700145DF8 /* QuartzCore.framework */,
				FA35984C189DC55A00288163 /* ServiceManagement.framework */,
				FA359848189DC40100288163 /* Security.framework */,
				FA359844189DBA3800288163 /* SystemConfiguration.framework */,
				FA254779189D85890038E1D9 /* ApplicationServices.framework */,
				FAC69F64189D603C00BC829D /* Cocoa.framework */,
				FAC69F83189D603C00BC829D /* XCTest.framework */,
				FAC69F9D189D605300BC829D /* Foundation.framework */,
				FAC69F66189D603C00BC829D /* Other Frameworks */,
			);
			name = Frameworks;
			sourceTree = "<group>";
		};
		FAC69F66189D603C00BC829D /* Other Frameworks */ = {
			isa = PBXGroup;
			children = (
				FAC69F67189D603C00BC829D /* AppKit.framework */,
				FAC69F68189D603C00BC829D /* CoreData.framework */,
				FAC69F69189D603C00BC829D /* Foundation.framework */,
			);
			name = "Other Frameworks";
			sourceTree = "<group>";
		};
		FAC69F6A189D603C00BC829D /* Mousecape */ = {
			isa = PBXGroup;
			children = (
				FAEE650818A047E8003AA182 /* categories */,
				FAEE650D18A047E8003AA182 /* controllers */,
				FAEE651C18A047E8003AA182 /* models */,
				FAEE652118A047E8003AA182 /* subclasses */,
				FAEE652418A047E8003AA182 /* views */,
				FAAEF8EE189EB32700145DF8 /* external */,
				FAC69F76189D603C00BC829D /* MCAppDelegate.h */,
				FAC69F77189D603C00BC829D /* MCAppDelegate.m */,
				FAC69FD7189D623C00BC829D /* Mousecape-Prefix.pch */,
				FA048868189F58B1001F3AB5 /* Edit.xib */,
				FA04886A189F58B1001F3AB5 /* Library.xib */,
				FAC69F79189D603C00BC829D /* MainMenu.xib */,
				FAC69F7C189D603C00BC829D /* Images.xcassets */,
				FAC69F6B189D603C00BC829D /* Supporting Files */,
			);
			path = Mousecape;
			sourceTree = "<group>";
		};
		FAC69F6B189D603C00BC829D /* Supporting Files */ = {
			isa = PBXGroup;
			children = (
				FAC69F6C189D603C00BC829D /* Mousecape-Info.plist */,
				FAC69F6D189D603C00BC829D /* InfoPlist.strings */,
				FAC69F70189D603C00BC829D /* main.m */,
				FAC69F72189D603C00BC829D /* Mousecape-Prefix.pch */,
				FAC69F73189D603C00BC829D /* Credits.rtf */,
			);
			name = "Supporting Files";
			sourceTree = "<group>";
		};
		FAC69FAF189D608900BC829D /* mousecloak */ = {
			isa = PBXGroup;
			children = (
				FAC69FB9189D609B00BC829D /* CGSInternal */,
				FAC69FCC189D609B00BC829D /* vendor */,
				FAC69FCA189D609B00BC829D /* MCDefs.h */,
				FAC69FDB189D636700BC829D /* MCDefs.m */,
				FA35983D189DA3BC00288163 /* MCPrefs.h */,
				FA35983E189DA3BC00288163 /* MCPrefs.m */,
				FAC69FB0189D608900BC829D /* main.m */,
				FA8FF769189D663B00750E51 /* restore.h */,
				FA8FF76A189D664400750E51 /* restore.m */,
				FA8FF76C189D66C400750E51 /* backup.h */,
				FA8FF76D189D66CB00750E51 /* backup.m */,
				FA8FF76F189D66D100750E51 /* apply.h */,
				FA8FF770189D66D800750E51 /* apply.m */,
				FA8FF772189D67AA00750E51 /* create.h */,
				FA8FF773189D67B100750E51 /* create.m */,
				FA359850189E035200288163 /* listen.h */,
				FA359851189E035900288163 /* listen.m */,
				FAAEF955189F4ECC00145DF8 /* scale.h */,
				FAAEF956189F4ED300145DF8 /* scale.m */,
				FAC69FCB189D609B00BC829D /* NSCursor_Private.h */,
				FAC69FB4189D608900BC829D /* mousecloak.1 */,
				FAC69FB2189D608900BC829D /* Supporting Files */,
				FABA44D221D9D7D0009B10D9 /* NSBitmapImageRep+ColorSpace.h */,
				FABA44D321D9D7D0009B10D9 /* NSBitmapImageRep+ColorSpace.m */,
			);
			path = mousecloak;
			sourceTree = "<group>";
		};
		FAC69FB2189D608900BC829D /* Supporting Files */ = {
			isa = PBXGroup;
			children = (
				FAC69FB3189D608900BC829D /* mousecloak-Prefix.pch */,
			);
			name = "Supporting Files";
			sourceTree = "<group>";
		};
		FAC69FB9189D609B00BC829D /* CGSInternal */ = {
			isa = PBXGroup;
			children = (
				FAC69FBA189D609B00BC829D /* CarbonHelpers.h */,
				FAC69FBB189D609B00BC829D /* CGSAccessibility.h */,
				FAC69FBC189D609B00BC829D /* CGSCIFilter.h */,
				FAC69FBD189D609B00BC829D /* CGSConnection.h */,
				FAC69FBE189D609B00BC829D /* CGSCursor.h */,
				FAC69FBF189D609B00BC829D /* CGSDebug.h */,
				FAC69FC0189D609B00BC829D /* CGSDisplays.h */,
				FAC69FC1189D609B00BC829D /* CGSHotKeys.h */,
				FAC69FC2189D609B00BC829D /* CGSInternal.h */,
				FAC69FC3189D609B00BC829D /* CGSMisc.h */,
				FAC69FC4189D609B00BC829D /* CGSNotifications.h */,
				FAC69FC5189D609B00BC829D /* CGSRegion.h */,
				FAC69FC6189D609B00BC829D /* CGSSession.h */,
				FAC69FC7189D609B00BC829D /* CGSTransitions.h */,
				FAC69FC8189D609B00BC829D /* CGSWindow.h */,
				FAC69FC9189D609B00BC829D /* CGSWorkspace.h */,
			);
			path = CGSInternal;
			sourceTree = "<group>";
		};
		FAC69FCC189D609B00BC829D /* vendor */ = {
			isa = PBXGroup;
			children = (
				FAC69FCD189D609B00BC829D /* GBCli */,
			);
			path = vendor;
			sourceTree = "<group>";
		};
		FAC69FCD189D609B00BC829D /* GBCli */ = {
			isa = PBXGroup;
			children = (
				FAC69FCE189D609B00BC829D /* GBCommandLineParser.h */,
				FAC69FCF189D609B00BC829D /* GBCommandLineParser.m */,
				FAC69FD0189D609B00BC829D /* GBOptionsHelper.h */,
				FAC69FD1189D609B00BC829D /* GBOptionsHelper.m */,
				FAC69FD2189D609B00BC829D /* GBSettings.h */,
				FAC69FD3189D609B00BC829D /* GBSettings.m */,
			);
			path = GBCli;
			sourceTree = "<group>";
		};
		FADBC14E18CE51C000B9510F /* DTScrollView */ = {
			isa = PBXGroup;
			children = (
				FADBC14F18CE51C000B9510F /* DTScrollView.h */,
				FADBC15018CE51C000B9510F /* DTScrollView.m */,
			);
			path = DTScrollView;
			sourceTree = "<group>";
		};
		FADF012F198A2C7400006228 /* Products */ = {
			isa = PBXGroup;
			children = (
				FADF013A198A2C7500006228 /* Sparkle.framework */,
				FADF013C198A2C7500006228 /* Sparkle Test App.app */,
				FADF013E198A2C7500006228 /* Sparkle Unit Tests.xctest */,
				FADF0140198A2C7500006228 /* BinaryDelta */,
				FADF0142198A2C7500006228 /* Autoupdate.app */,
			);
			name = Products;
			sourceTree = "<group>";
		};
		FAE5D54A19526F82007620DE /* mousecloakHelper */ = {
			isa = PBXGroup;
			children = (
				FAE5D54B19526F82007620DE /* Supporting Files */,
				FAE5D57519527245007620DE /* main.m */,
			);
			path = mousecloakHelper;
			sourceTree = "<group>";
		};
		FAE5D54B19526F82007620DE /* Supporting Files */ = {
			isa = PBXGroup;
			children = (
				FAE5D54C19526F82007620DE /* Info.plist */,
			);
			name = "Supporting Files";
			sourceTree = "<group>";
		};
		FAEE650818A047E8003AA182 /* categories */ = {
			isa = PBXGroup;
			children = (
				FAEE650918A047E8003AA182 /* NSFileManager+DirectoryLocations.h */,
				FAEE650A18A047E8003AA182 /* NSFileManager+DirectoryLocations.m */,
				FAEE650B18A047E8003AA182 /* NSOrderedSet+AZSortedInsert.h */,
				FAEE650C18A047E8003AA182 /* NSOrderedSet+AZSortedInsert.m */,
			);
			name = categories;
			path = src/categories;
			sourceTree = "<group>";
		};
		FAEE650D18A047E8003AA182 /* controllers */ = {
			isa = PBXGroup;
			children = (
				FAEE650E18A047E8003AA182 /* MCEditCapeController.h */,
				FAEE650F18A047E8003AA182 /* MCEditCapeController.m */,
				FAEE651018A047E8003AA182 /* MCEditDetailController.h */,
				FAEE651118A047E8003AA182 /* MCEditDetailController.m */,
				FAEE651218A047E8003AA182 /* MCEditListController.h */,
				FAEE651318A047E8003AA182 /* MCEditListController.m */,
				FAEE651418A047E8003AA182 /* MCEditWindowController.h */,
				FAEE651518A047E8003AA182 /* MCEditWindowController.m */,
				FAEE651618A047E8003AA182 /* MCLibraryController.h */,
				FAEE651718A047E8003AA182 /* MCLibraryController.m */,
				FAEE651818A047E8003AA182 /* MCLibraryViewController.h */,
				FAEE651918A047E8003AA182 /* MCLibraryViewController.m */,
				FAEE651A18A047E8003AA182 /* MCLibraryWindowController.h */,
				FAEE651B18A047E8003AA182 /* MCLibraryWindowController.m */,
				FA5107EF18A8253A00917185 /* Preferences */,
			);
			name = controllers;
			path = src/controllers;
			sourceTree = "<group>";
		};
		FAEE651C18A047E8003AA182 /* models */ = {
			isa = PBXGroup;
			children = (
				FAEE651D18A047E8003AA182 /* MCCursor.h */,
				FAEE651E18A047E8003AA182 /* MCCursor.m */,
				FAEE651F18A047E8003AA182 /* MCCursorLibrary.h */,
				FAEE652018A047E8003AA182 /* MCCursorLibrary.m */,
			);
			name = models;
			path = src/models;
			sourceTree = "<group>";
		};
		FAEE652118A047E8003AA182 /* subclasses */ = {
			isa = PBXGroup;
			children = (
				FAEE652218A047E8003AA182 /* MCFormatters.h */,
				FAEE652318A047E8003AA182 /* MCFormatters.m */,
			);
			name = subclasses;
			path = src/subclasses;
			sourceTree = "<group>";
		};
		FAEE652418A047E8003AA182 /* views */ = {
			isa = PBXGroup;
			children = (
				FAEE652518A047E8003AA182 /* MCCapeCellView.h */,
				FAEE652618A047E8003AA182 /* MCCapeCellView.m */,
				FAEE652718A047E8003AA182 /* MMAnimatingImageView.h */,
				FAEE652818A047E8003AA182 /* MMAnimatingImageView.m */,
				FAEE653718A048EA003AA182 /* MCSpriteLayer.h */,
				FAEE653818A048EA003AA182 /* MCSpriteLayer.m */,
				FADBC15218CE535200B9510F /* MCCapePreviewItem.h */,
				FADBC15318CE535200B9510F /* MCCapePreviewItem.m */,
			);
			name = views;
			path = src/views;
			sourceTree = "<group>";
		};
/* End PBXGroup section */

/* Begin PBXNativeTarget section */
		FAC69F60189D603C00BC829D /* Mousecape */ = {
			isa = PBXNativeTarget;
			buildConfigurationList = FAC69F92189D603C00BC829D /* Build configuration list for PBXNativeTarget "Mousecape" */;
			buildPhases = (
				FAC69F5D189D603C00BC829D /* Sources */,
				FAC69F5F189D603C00BC829D /* Resources */,
				FAC69F5E189D603C00BC829D /* Frameworks */,
				FA359841189DAAF900288163 /* Build Number */,
				FAE5D57D1952734F007620DE /* Copy Tool */,
				FAE5D57F1952737F007620DE /* Copy Helper */,
				FADF0146198A2CA600006228 /* Copy Frameworks */,
			);
			buildRules = (
			);
			dependencies = (
				FADF0145198A2CA100006228 /* PBXTargetDependency */,
				FA359847189DBEB700288163 /* PBXTargetDependency */,
			);
			name = Mousecape;
			productName = Mousecape;
			productReference = FAC69F61189D603C00BC829D /* Mousecape.app */;
			productType = "com.apple.product-type.application";
		};
		FAC69FAC189D608900BC829D /* mousecloak */ = {
			isa = PBXNativeTarget;
			buildConfigurationList = FAC69FB6189D608A00BC829D /* Build configuration list for PBXNativeTarget "mousecloak" */;
			buildPhases = (
				FAC69FA9189D608900BC829D /* Sources */,
				FAC69FAA189D608900BC829D /* Frameworks */,
				FAC69FAB189D608900BC829D /* CopyFiles */,
			);
			buildRules = (
			);
			dependencies = (
			);
			name = mousecloak;
			productName = mousecloak;
			productReference = FAC69FAD189D608900BC829D /* mousecloak */;
			productType = "com.apple.product-type.tool";
		};
		FAE5D54819526F82007620DE /* com.alexzielenski.mousecloakhelper */ = {
			isa = PBXNativeTarget;
			buildConfigurationList = FAE5D56719526F82007620DE /* Build configuration list for PBXNativeTarget "com.alexzielenski.mousecloakhelper" */;
			buildPhases = (
				FAE5D54519526F82007620DE /* Sources */,
				FAE5D54619526F82007620DE /* Frameworks */,
				FAE5D54719526F82007620DE /* Resources */,
			);
			buildRules = (
			);
			dependencies = (
			);
			name = com.alexzielenski.mousecloakhelper;
			productName = mousecloakHelper;
			productReference = FAE5D54919526F82007620DE /* com.alexzielenski.mousecloakhelper.app */;
			productType = "com.apple.product-type.application";
		};
/* End PBXNativeTarget section */

/* Begin PBXProject section */
		FAC69F59189D603C00BC829D /* Project object */ = {
			isa = PBXProject;
			attributes = {
				CLASSPREFIX = MC;
				LastUpgradeCheck = 0600;
				ORGANIZATIONNAME = "Alex Zielenski";
				TargetAttributes = {
					FAC69F60189D603C00BC829D = {
						DevelopmentTeam = 3GD8ABJ22W;
						ProvisioningStyle = Automatic;
					};
					FAC69FAC189D608900BC829D = {
						DevelopmentTeam = 3GD8ABJ22W;
						ProvisioningStyle = Automatic;
					};
					FAE5D54819526F82007620DE = {
						CreatedOnToolsVersion = 6.0;
						DevelopmentTeam = 3GD8ABJ22W;
						ProvisioningStyle = Automatic;
					};
				};
			};
			buildConfigurationList = FAC69F5C189D603C00BC829D /* Build configuration list for PBXProject "Mousecape" */;
			compatibilityVersion = "Xcode 3.2";
			developmentRegion = English;
			hasScannedForEncodings = 0;
			knownRegions = (
				en,
				Base,
				ar,
				ca,
				cs,
				cy,
				da,
				de,
				el,
				es,
				fi,
				fr,
				he,
				hu,
				id,
				is,
				it,
				ja,
				ko,
				nb,
				nl,
				no,
				pl,
				pt_BR,
				pt_PT,
				ro,
				ru,
				sk,
				sl,
				sv,
				th,
				tr,
				uk,
				zh_CN,
				zh_TW,
				English,
			);
			mainGroup = FAC69F58189D603C00BC829D;
			productRefGroup = FAC69F62189D603C00BC829D /* Products */;
			projectDirPath = "";
			projectReferences = (
				{
					ProductGroup = FADF012F198A2C7400006228 /* Products */;
					ProjectRef = FADF012E198A2C7400006228 /* Sparkle.xcodeproj */;
				},
			);
			projectRoot = "";
			targets = (
				FAC69F60189D603C00BC829D /* Mousecape */,
				FAC69FAC189D608900BC829D /* mousecloak */,
				FAE5D54819526F82007620DE /* com.alexzielenski.mousecloakhelper */,
			);
		};
/* End PBXProject section */

/* Begin PBXReferenceProxy section */
		FADF013A198A2C7500006228 /* Sparkle.framework */ = {
			isa = PBXReferenceProxy;
			fileType = wrapper.framework;
			path = Sparkle.framework;
			remoteRef = FADF0139198A2C7500006228 /* PBXContainerItemProxy */;
			sourceTree = BUILT_PRODUCTS_DIR;
		};
		FADF013C198A2C7500006228 /* Sparkle Test App.app */ = {
			isa = PBXReferenceProxy;
			fileType = wrapper.application;
			path = "Sparkle Test App.app";
			remoteRef = FADF013B198A2C7500006228 /* PBXContainerItemProxy */;
			sourceTree = BUILT_PRODUCTS_DIR;
		};
		FADF013E198A2C7500006228 /* Sparkle Unit Tests.xctest */ = {
			isa = PBXReferenceProxy;
			fileType = wrapper.cfbundle;
			path = "Sparkle Unit Tests.xctest";
			remoteRef = FADF013D198A2C7500006228 /* PBXContainerItemProxy */;
			sourceTree = BUILT_PRODUCTS_DIR;
		};
		FADF0140198A2C7500006228 /* BinaryDelta */ = {
			isa = PBXReferenceProxy;
			fileType = "compiled.mach-o.executable";
			path = BinaryDelta;
			remoteRef = FADF013F198A2C7500006228 /* PBXContainerItemProxy */;
			sourceTree = BUILT_PRODUCTS_DIR;
		};
		FADF0142198A2C7500006228 /* Autoupdate.app */ = {
			isa = PBXReferenceProxy;
			fileType = wrapper.application;
			path = Autoupdate.app;
			remoteRef = FADF0141198A2C7500006228 /* PBXContainerItemProxy */;
			sourceTree = BUILT_PRODUCTS_DIR;
		};
/* End PBXReferenceProxy section */

/* Begin PBXResourcesBuildPhase section */
		FAC69F5F189D603C00BC829D /* Resources */ = {
			isa = PBXResourcesBuildPhase;
			buildActionMask = 2147483647;
			files = (
				FAC69F6F189D603C00BC829D /* InfoPlist.strings in Resources */,
				FA04886D189F58B1001F3AB5 /* Library.xib in Resources */,
				FA04886C189F58B1001F3AB5 /* Edit.xib in Resources */,
				FA5107EE18A8253600917185 /* GeneralPreferences.xib in Resources */,
				FAC69F7D189D603C00BC829D /* Images.xcassets in Resources */,
				FAC69F75189D603C00BC829D /* Credits.rtf in Resources */,
				FA5107E718A823BD00917185 /* MASPreferencesWindow.xib in Resources */,
				FAC69F7B189D603C00BC829D /* MainMenu.xib in Resources */,
			);
			runOnlyForDeploymentPostprocessing = 0;
		};
		FAE5D54719526F82007620DE /* Resources */ = {
			isa = PBXResourcesBuildPhase;
			buildActionMask = 2147483647;
			files = (
			);
			runOnlyForDeploymentPostprocessing = 0;
		};
/* End PBXResourcesBuildPhase section */

/* Begin PBXShellScriptBuildPhase section */
		FA359841189DAAF900288163 /* Build Number */ = {
			isa = PBXShellScriptBuildPhase;
			buildActionMask = 2147483647;
			files = (
			);
			inputPaths = (
			);
			name = "Build Number";
			outputPaths = (
			);
			runOnlyForDeploymentPostprocessing = 0;
			shellPath = /bin/sh;
			shellScript = "#!/bin/bash\n\nbuildPlist=${INFOPLIST_FILE}\nCFBundleVersion=$(/usr/libexec/PlistBuddy -c \"Print CFBundleVersion\" $buildPlist)\nBuildNumberINCR=$((CFBundleVersion + 1))\n\n/usr/libexec/PlistBuddy -c \"Set :CFBundleVersion $BuildNumberINCR\" $buildPlist\n";
		};
/* End PBXShellScriptBuildPhase section */

/* Begin PBXSourcesBuildPhase section */
		FAC69F5D189D603C00BC829D /* Sources */ = {
			isa = PBXSourcesBuildPhase;
			buildActionMask = 2147483647;
			files = (
				FABA44D521D9D947009B10D9 /* NSBitmapImageRep+ColorSpace.m in Sources */,
				FAEE653018A047E8003AA182 /* MCLibraryViewController.m in Sources */,
				FAEE653618A047E8003AA182 /* MMAnimatingImageView.m in Sources */,
				FAEE653318A047E8003AA182 /* MCCursorLibrary.m in Sources */,
				FAC69F78189D603C00BC829D /* MCAppDelegate.m in Sources */,
				FAEE653918A048EA003AA182 /* MCSpriteLayer.m in Sources */,
				FAEE652F18A047E8003AA182 /* MCLibraryController.m in Sources */,
				FAEE653118A047E8003AA182 /* MCLibraryWindowController.m in Sources */,
				FAAEF94E189EFC9300145DF8 /* create.m in Sources */,
				FAEE652C18A047E8003AA182 /* MCEditDetailController.m in Sources */,
				FAAEF94F189EFC9600145DF8 /* backup.m in Sources */,
				FA5107ED18A8253600917185 /* MCGeneralPreferencesController.m in Sources */,
				FAAEF951189F0CC300145DF8 /* restore.m in Sources */,
				FAAEF950189EFC9800145DF8 /* apply.m in Sources */,
				FAEE652918A047E8003AA182 /* NSFileManager+DirectoryLocations.m in Sources */,
				FA14DE9118CE59A600A73BF4 /* NSColor+RBLCGColorAdditions.m in Sources */,
				FA5107E818A823BD00917185 /* MASPreferencesWindowController.m in Sources */,
				FAEE652D18A047E8003AA182 /* MCEditListController.m in Sources */,
				FAC69F71189D603C00BC829D /* main.m in Sources */,
				FAEE653218A047E8003AA182 /* MCCursor.m in Sources */,
				FAAEF958189F4F8200145DF8 /* scale.m in Sources */,
				FAEE653418A047E8003AA182 /* MCFormatters.m in Sources */,
				FA14DE8E18CE596B00A73BF4 /* RBLScrollView.m in Sources */,
				FAAEF8F4189EB32700145DF8 /* BTRClipView.m in Sources */,
				FAAEF8F5189EB32700145DF8 /* BTRScrollView.m in Sources */,
				FAC69FDC189D636700BC829D /* MCDefs.m in Sources */,
				FAEE652E18A047E8003AA182 /* MCEditWindowController.m in Sources */,
				FA359840189DA3C100288163 /* MCPrefs.m in Sources */,
				FAEE652B18A047E8003AA182 /* MCEditCapeController.m in Sources */,
				FADBC15418CE535200B9510F /* MCCapePreviewItem.m in Sources */,
				FAEE652A18A047E8003AA182 /* NSOrderedSet+AZSortedInsert.m in Sources */,
				FADBC15118CE51C000B9510F /* DTScrollView.m in Sources */,
				FA14DE8D18CE596B00A73BF4 /* RBLClipView.m in Sources */,
				FAEE653518A047E8003AA182 /* MCCapeCellView.m in Sources */,
			);
			runOnlyForDeploymentPostprocessing = 0;
		};
		FAC69FA9189D608900BC829D /* Sources */ = {
			isa = PBXSourcesBuildPhase;
			buildActionMask = 2147483647;
			files = (
				FAC69FB1189D608900BC829D /* main.m in Sources */,
				FA8FF76E189D66CB00750E51 /* backup.m in Sources */,
				FAC69FD6189D609B00BC829D /* GBSettings.m in Sources */,
				FA359852189E035900288163 /* listen.m in Sources */,
				FAC69FD5189D609B00BC829D /* GBOptionsHelper.m in Sources */,
				FA35983F189DA3BC00288163 /* MCPrefs.m in Sources */,
				FAAEF957189F4ED300145DF8 /* scale.m in Sources */,
				FA8FF76B189D664400750E51 /* restore.m in Sources */,
				FA8FF771189D66D800750E51 /* apply.m in Sources */,
				FAC69FDD189D636700BC829D /* MCDefs.m in Sources */,
				FAC69FD4189D609B00BC829D /* GBCommandLineParser.m in Sources */,
				FA8FF774189D67B100750E51 /* create.m in Sources */,
				FABA44D421D9D7D0009B10D9 /* NSBitmapImageRep+ColorSpace.m in Sources */,
			);
			runOnlyForDeploymentPostprocessing = 0;
		};
		FAE5D54519526F82007620DE /* Sources */ = {
			isa = PBXSourcesBuildPhase;
			buildActionMask = 2147483647;
			files = (
				FAE5D57C195272FE007620DE /* restore.m in Sources */,
				FAE5D57B195272F7007620DE /* backup.m in Sources */,
				FAE5D57619527245007620DE /* main.m in Sources */,
				FAE5D56C1952700B007620DE /* MCDefs.m in Sources */,
				FAE5D56D1952700B007620DE /* MCPrefs.m in Sources */,
				FAE5D5701952700B007620DE /* apply.m in Sources */,
				FAE5D5721952700B007620DE /* listen.m in Sources */,
				FAE5D578195272DD007620DE /* scale.m in Sources */,
			);
			runOnlyForDeploymentPostprocessing = 0;
		};
/* End PBXSourcesBuildPhase section */

/* Begin PBXTargetDependency section */
		FA359847189DBEB700288163 /* PBXTargetDependency */ = {
			isa = PBXTargetDependency;
			target = FAC69FAC189D608900BC829D /* mousecloak */;
			targetProxy = FA359846189DBEB700288163 /* PBXContainerItemProxy */;
		};
		FADF0145198A2CA100006228 /* PBXTargetDependency */ = {
			isa = PBXTargetDependency;
			name = Sparkle;
			targetProxy = FADF0144198A2CA100006228 /* PBXContainerItemProxy */;
		};
/* End PBXTargetDependency section */

/* Begin PBXVariantGroup section */
		FA048868189F58B1001F3AB5 /* Edit.xib */ = {
			isa = PBXVariantGroup;
			children = (
				FA048869189F58B1001F3AB5 /* Base */,
			);
			name = Edit.xib;
			sourceTree = "<group>";
		};
		FA04886A189F58B1001F3AB5 /* Library.xib */ = {
			isa = PBXVariantGroup;
			children = (
				FA04886B189F58B1001F3AB5 /* Base */,
			);
			name = Library.xib;
			sourceTree = "<group>";
		};
		FAC69F6D189D603C00BC829D /* InfoPlist.strings */ = {
			isa = PBXVariantGroup;
			children = (
				FAC69F6E189D603C00BC829D /* en */,
			);
			name = InfoPlist.strings;
			sourceTree = "<group>";
		};
		FAC69F73189D603C00BC829D /* Credits.rtf */ = {
			isa = PBXVariantGroup;
			children = (
				FAC69F74189D603C00BC829D /* en */,
			);
			name = Credits.rtf;
			sourceTree = "<group>";
		};
		FAC69F79189D603C00BC829D /* MainMenu.xib */ = {
			isa = PBXVariantGroup;
			children = (
				FAC69F7A189D603C00BC829D /* Base */,
			);
			name = MainMenu.xib;
			sourceTree = "<group>";
		};
/* End PBXVariantGroup section */

/* Begin XCBuildConfiguration section */
		FAC69F90189D603C00BC829D /* Debug */ = {
			isa = XCBuildConfiguration;
			buildSettings = {
				ALWAYS_SEARCH_USER_PATHS = NO;
				CLANG_CXX_LANGUAGE_STANDARD = "gnu++0x";
				CLANG_CXX_LIBRARY = "libc++";
				CLANG_ENABLE_OBJC_ARC = YES;
				CLANG_WARN_BOOL_CONVERSION = YES;
				CLANG_WARN_CONSTANT_CONVERSION = YES;
				CLANG_WARN_DIRECT_OBJC_ISA_USAGE = YES_ERROR;
				CLANG_WARN_EMPTY_BODY = YES;
				CLANG_WARN_ENUM_CONVERSION = YES;
				CLANG_WARN_INT_CONVERSION = YES;
				CLANG_WARN_OBJC_ROOT_CLASS = YES_ERROR;
				CLANG_WARN__DUPLICATE_METHOD_MATCH = YES;
				CODE_SIGN_IDENTITY = "Developer ID Application";
				COPY_PHASE_STRIP = NO;
				GCC_C_LANGUAGE_STANDARD = gnu99;
				GCC_DYNAMIC_NO_PIC = NO;
				GCC_ENABLE_OBJC_EXCEPTIONS = YES;
				GCC_OPTIMIZATION_LEVEL = 0;
				GCC_PREPROCESSOR_DEFINITIONS = (
					"PROJECT_DIR=\\\"\"$(PROJECT_DIR)\"\\\"",
					"DEBUG=1",
					"$(inherited)",
				);
				GCC_SYMBOLS_PRIVATE_EXTERN = NO;
				GCC_WARN_64_TO_32_BIT_CONVERSION = YES;
				GCC_WARN_ABOUT_RETURN_TYPE = YES_ERROR;
				GCC_WARN_UNDECLARED_SELECTOR = YES;
				GCC_WARN_UNINITIALIZED_AUTOS = YES;
				GCC_WARN_UNUSED_FUNCTION = YES;
				GCC_WARN_UNUSED_VARIABLE = YES;
				MACOSX_DEPLOYMENT_TARGET = 10.8;
				ONLY_ACTIVE_ARCH = YES;
				SDKROOT = macosx;
			};
			name = Debug;
		};
		FAC69F91189D603C00BC829D /* Release */ = {
			isa = XCBuildConfiguration;
			buildSettings = {
				ALWAYS_SEARCH_USER_PATHS = NO;
				CLANG_CXX_LANGUAGE_STANDARD = "gnu++0x";
				CLANG_CXX_LIBRARY = "libc++";
				CLANG_ENABLE_OBJC_ARC = YES;
				CLANG_WARN_BOOL_CONVERSION = YES;
				CLANG_WARN_CONSTANT_CONVERSION = YES;
				CLANG_WARN_DIRECT_OBJC_ISA_USAGE = YES_ERROR;
				CLANG_WARN_EMPTY_BODY = YES;
				CLANG_WARN_ENUM_CONVERSION = YES;
				CLANG_WARN_INT_CONVERSION = YES;
				CLANG_WARN_OBJC_ROOT_CLASS = YES_ERROR;
				CLANG_WARN__DUPLICATE_METHOD_MATCH = YES;
				CODE_SIGN_IDENTITY = "Developer ID Application";
				COPY_PHASE_STRIP = NO;
				DEBUG_INFORMATION_FORMAT = "dwarf-with-dsym";
				ENABLE_NS_ASSERTIONS = NO;
				GCC_C_LANGUAGE_STANDARD = gnu99;
				GCC_ENABLE_OBJC_EXCEPTIONS = YES;
				GCC_PREPROCESSOR_DEFINITIONS = "PROJECT_DIR=\\\"\"$(PROJECT_DIR)\"\\\"";
				GCC_WARN_64_TO_32_BIT_CONVERSION = YES;
				GCC_WARN_ABOUT_RETURN_TYPE = YES_ERROR;
				GCC_WARN_UNDECLARED_SELECTOR = YES;
				GCC_WARN_UNINITIALIZED_AUTOS = YES;
				GCC_WARN_UNUSED_FUNCTION = YES;
				GCC_WARN_UNUSED_VARIABLE = YES;
				MACOSX_DEPLOYMENT_TARGET = 10.8;
				SDKROOT = macosx;
			};
			name = Release;
		};
		FAC69F93189D603C00BC829D /* Debug */ = {
			isa = XCBuildConfiguration;
			buildSettings = {
				ASSETCATALOG_COMPILER_APPICON_NAME = AppIcon;
				CODE_SIGN_IDENTITY = "Mac Developer";
				CODE_SIGN_STYLE = Automatic;
				COMBINE_HIDPI_IMAGES = YES;
				DEVELOPMENT_TEAM = 3GD8ABJ22W;
				GCC_PRECOMPILE_PREFIX_HEADER = YES;
				GCC_PREFIX_HEADER = "Mousecape/Mousecape-Prefix.pch";
				INFOPLIST_FILE = "Mousecape/Mousecape-Info.plist";
				MACOSX_DEPLOYMENT_TARGET = 10.8;
				PRODUCT_NAME = "$(TARGET_NAME)";
				PROVISIONING_PROFILE_SPECIFIER = "";
				WRAPPER_EXTENSION = app;
			};
			name = Debug;
		};
		FAC69F94189D603C00BC829D /* Release */ = {
			isa = XCBuildConfiguration;
			buildSettings = {
				ASSETCATALOG_COMPILER_APPICON_NAME = AppIcon;
				CODE_SIGN_IDENTITY = "Mac Developer";
				CODE_SIGN_STYLE = Automatic;
				COMBINE_HIDPI_IMAGES = YES;
				DEVELOPMENT_TEAM = 3GD8ABJ22W;
				GCC_PRECOMPILE_PREFIX_HEADER = YES;
				GCC_PREFIX_HEADER = "Mousecape/Mousecape-Prefix.pch";
				INFOPLIST_FILE = "Mousecape/Mousecape-Info.plist";
				MACOSX_DEPLOYMENT_TARGET = 10.8;
				PRODUCT_NAME = "$(TARGET_NAME)";
				PROVISIONING_PROFILE_SPECIFIER = "";
				WRAPPER_EXTENSION = app;
			};
			name = Release;
		};
		FAC69FB7189D608A00BC829D /* Debug */ = {
			isa = XCBuildConfiguration;
			buildSettings = {
				CLANG_ENABLE_OBJC_ARC = NO;
				CODE_SIGN_IDENTITY = "Mac Developer";
				CODE_SIGN_STYLE = Automatic;
				DEVELOPMENT_TEAM = 3GD8ABJ22W;
				GCC_PRECOMPILE_PREFIX_HEADER = YES;
				GCC_PREFIX_HEADER = "mousecloak/mousecloak-Prefix.pch";
				GCC_PREPROCESSOR_DEFINITIONS = (
					"DEBUG=1",
					"$(inherited)",
				);
				HEADER_SEARCH_PATHS = (
					"$(inherited)",
					/Applications/Xcode.app/Contents/Developer/Toolchains/XcodeDefault.xctoolchain/usr/include,
					"$(PROJECT_DIR)/mousecloak/vendor",
				);
				PRODUCT_NAME = "$(TARGET_NAME)";
				PROVISIONING_PROFILE_SPECIFIER = "";
			};
			name = Debug;
		};
		FAC69FB8189D608A00BC829D /* Release */ = {
			isa = XCBuildConfiguration;
			buildSettings = {
				CLANG_ENABLE_OBJC_ARC = NO;
				CODE_SIGN_IDENTITY = "Mac Developer";
				CODE_SIGN_STYLE = Automatic;
				DEVELOPMENT_TEAM = 3GD8ABJ22W;
				GCC_PRECOMPILE_PREFIX_HEADER = YES;
				GCC_PREFIX_HEADER = "mousecloak/mousecloak-Prefix.pch";
				HEADER_SEARCH_PATHS = (
					"$(inherited)",
					/Applications/Xcode.app/Contents/Developer/Toolchains/XcodeDefault.xctoolchain/usr/include,
					"$(PROJECT_DIR)/mousecloak/vendor",
				);
				PRODUCT_NAME = "$(TARGET_NAME)";
				PROVISIONING_PROFILE_SPECIFIER = "";
			};
			name = Release;
		};
		FAE5D56319526F82007620DE /* Debug */ = {
			isa = XCBuildConfiguration;
			buildSettings = {
				ASSETCATALOG_COMPILER_APPICON_NAME = AppIcon;
				CLANG_ENABLE_MODULES = YES;
				CLANG_ENABLE_OBJC_ARC = NO;
				CLANG_WARN_UNREACHABLE_CODE = YES;
				CODE_SIGN_IDENTITY = "Mac Developer";
				CODE_SIGN_STYLE = Automatic;
				COMBINE_HIDPI_IMAGES = YES;
				DEVELOPMENT_TEAM = 3GD8ABJ22W;
				ENABLE_STRICT_OBJC_MSGSEND = YES;
				GCC_PRECOMPILE_PREFIX_HEADER = YES;
				GCC_PREFIX_HEADER = "mousecloak/mousecloak-Prefix.pch";
				GCC_PREPROCESSOR_DEFINITIONS = (
					"DEBUG=1",
					"$(inherited)",
				);
				GCC_WARN_UNINITIALIZED_AUTOS = YES_AGGRESSIVE;
				HEADER_SEARCH_PATHS = (
					"$(inherited)",
					"/Applications/Xcode6-Beta.app/Contents/Developer/Toolchains/XcodeDefault.xctoolchain/usr/include",
					"$(PROJECT_DIR)/mousecloak/vendor",
				);
				INFOPLIST_FILE = mousecloakHelper/Info.plist;
				LD_RUNPATH_SEARCH_PATHS = "$(inherited) @executable_path/../Frameworks";
				METAL_ENABLE_DEBUG_INFO = YES;
				PRODUCT_NAME = "$(TARGET_NAME)";
				PROVISIONING_PROFILE_SPECIFIER = "";
			};
			name = Debug;
		};
		FAE5D56419526F82007620DE /* Release */ = {
			isa = XCBuildConfiguration;
			buildSettings = {
				ASSETCATALOG_COMPILER_APPICON_NAME = AppIcon;
				CLANG_ENABLE_MODULES = YES;
				CLANG_ENABLE_OBJC_ARC = NO;
				CLANG_WARN_UNREACHABLE_CODE = YES;
				CODE_SIGN_IDENTITY = "Mac Developer";
				CODE_SIGN_STYLE = Automatic;
				COMBINE_HIDPI_IMAGES = YES;
				COPY_PHASE_STRIP = YES;
				DEVELOPMENT_TEAM = 3GD8ABJ22W;
				ENABLE_STRICT_OBJC_MSGSEND = YES;
				GCC_PRECOMPILE_PREFIX_HEADER = YES;
				GCC_PREFIX_HEADER = "mousecloak/mousecloak-Prefix.pch";
				GCC_WARN_UNINITIALIZED_AUTOS = YES_AGGRESSIVE;
				HEADER_SEARCH_PATHS = (
					"$(inherited)",
					"/Applications/Xcode6-Beta.app/Contents/Developer/Toolchains/XcodeDefault.xctoolchain/usr/include",
					"$(PROJECT_DIR)/mousecloak/vendor",
				);
				INFOPLIST_FILE = mousecloakHelper/Info.plist;
				LD_RUNPATH_SEARCH_PATHS = "$(inherited) @executable_path/../Frameworks";
				METAL_ENABLE_DEBUG_INFO = NO;
				PRODUCT_NAME = "$(TARGET_NAME)";
				PROVISIONING_PROFILE_SPECIFIER = "";
			};
			name = Release;
		};
/* End XCBuildConfiguration section */

/* Begin XCConfigurationList section */
		FAC69F5C189D603C00BC829D /* Build configuration list for PBXProject "Mousecape" */ = {
			isa = XCConfigurationList;
			buildConfigurations = (
				FAC69F90189D603C00BC829D /* Debug */,
				FAC69F91189D603C00BC829D /* Release */,
			);
			defaultConfigurationIsVisible = 0;
			defaultConfigurationName = Release;
		};
		FAC69F92189D603C00BC829D /* Build configuration list for PBXNativeTarget "Mousecape" */ = {
			isa = XCConfigurationList;
			buildConfigurations = (
				FAC69F93189D603C00BC829D /* Debug */,
				FAC69F94189D603C00BC829D /* Release */,
			);
			defaultConfigurationIsVisible = 0;
			defaultConfigurationName = Release;
		};
		FAC69FB6189D608A00BC829D /* Build configuration list for PBXNativeTarget "mousecloak" */ = {
			isa = XCConfigurationList;
			buildConfigurations = (
				FAC69FB7189D608A00BC829D /* Debug */,
				FAC69FB8189D608A00BC829D /* Release */,
			);
			defaultConfigurationIsVisible = 0;
			defaultConfigurationName = Release;
		};
		FAE5D56719526F82007620DE /* Build configuration list for PBXNativeTarget "com.alexzielenski.mousecloakhelper" */ = {
			isa = XCConfigurationList;
			buildConfigurations = (
				FAE5D56319526F82007620DE /* Debug */,
				FAE5D56419526F82007620DE /* Release */,
			);
			defaultConfigurationIsVisible = 0;
			defaultConfigurationName = Release;
		};
/* End XCConfigurationList section */
	};
	rootObject = FAC69F59189D603C00BC829D /* Project object */;
}
